
Microsoft Visual Studio Solution File, Format Version 12.00
# Visual Studio Version 16
VisualStudioVersion = 16.0.30114.105
MinimumVisualStudioVersion = 10.0.40219.1
Project("{9A19103F-16F7-4668-BE54-9A1E7A4F7556}") = "R5T.S0036", "R5T.S0036\R5T.S0036.csproj", "{91E1D5F6-4491-4067-84EB-F121215526E2}"
EndProject
Project("{2150E333-8FDC-42A3-9474-1A3956D46DE8}") = "_Dependencies", "_Dependencies", "{311F889B-4328-4BC5-ABD9-D6CBFAD44D58}"
EndProject
Project("{9A19103F-16F7-4668-BE54-9A1E7A4F7556}") = "R5T.S0036.Lib", "R5T.S0036.Lib\R5T.S0036.Lib.csproj", "{511FB939-2A8E-41EC-82C6-5DCED7F26BD4}"
EndProject
Project("{9A19103F-16F7-4668-BE54-9A1E7A4F7556}") = "R5T.Magyar", "..\..\R5T.Magyar\source\R5T.Magyar\R5T.Magyar.csproj", "{CD1029C9-996A-4A22-AD04-0BC7BC81CF10}"
EndProject
Project("{9A19103F-16F7-4668-BE54-9A1E7A4F7556}") = "R5T.T0133", "..\..\R5T.T0133\source\R5T.T0133\R5T.T0133.csproj", "{5AD95441-2E63-4462-B45D-F185CCFC7478}"
EndProject
Project("{9A19103F-16F7-4668-BE54-9A1E7A4F7556}") = "R5T.B0006.X0001", "..\..\R5T.B0006.X0001\source\R5T.B0006.X0001\R5T.B0006.X0001.csproj", "{C9731EA6-178C-4216-8E35-D395001507ED}"
EndProject
Project("{9A19103F-16F7-4668-BE54-9A1E7A4F7556}") = "R5T.B0006", "..\..\R5T.B0006\source\R5T.B0006\R5T.B0006.csproj", "{B38E348B-ADAE-4705-BA1D-1FDFEA36AA84}"
EndProject
Project("{9A19103F-16F7-4668-BE54-9A1E7A4F7556}") = "R5T.T0039.T002", "..\..\R5T.T0039\source\R5T.T0039.T002\R5T.T0039.T002.csproj", "{42BFA0EB-EFFD-449F-8872-420421409C40}"
EndProject
Project("{9A19103F-16F7-4668-BE54-9A1E7A4F7556}") = "R5T.F0004", "..\..\R5T.F0004\source\R5T.F0004\R5T.F0004.csproj", "{F0B10D5C-7A96-4336-9B35-9CEF8BBB68F5}"
EndProject
Project("{9A19103F-16F7-4668-BE54-9A1E7A4F7556}") = "R5T.L0011", "..\..\R5T.L0011\source\R5T.L0011\R5T.L0011.csproj", "{CE1C360B-90E5-40A2-A8F7-ED19B631A8A8}"
EndProject
Project("{9A19103F-16F7-4668-BE54-9A1E7A4F7556}") = "R5T.T0132", "..\..\R5T.T0132\source\R5T.T0132\R5T.T0132.csproj", "{44127C56-874D-4D78-BD3E-ABC5C1B6ACE9}"
EndProject
Project("{9A19103F-16F7-4668-BE54-9A1E7A4F7556}") = "R5T.S0032.F001", "..\..\R5T.S0032\source\R5T.S0032.F001\R5T.S0032.F001.csproj", "{52DF83F8-EF14-452B-8370-13B8893C16CE}"
EndProject
Project("{9A19103F-16F7-4668-BE54-9A1E7A4F7556}") = "R5T.X0007", "..\..\R5T.X0007\source\R5T.X0007\R5T.X0007.csproj", "{53B39053-AB8B-4124-B729-C0C8737AE104}"
EndProject
Project("{9A19103F-16F7-4668-BE54-9A1E7A4F7556}") = "R5T.X0005", "..\..\R5T.X0005\source\R5T.X0005\R5T.X0005.csproj", "{168A26F8-5491-4B03-BBCA-99D38DB32633}"
EndProject
Project("{9A19103F-16F7-4668-BE54-9A1E7A4F7556}") = "R5T.F0003", "..\..\R5T.F0003\source\R5T.F0003\R5T.F0003.csproj", "{B90BED95-6A2A-4EA1-839E-DBEBE8AB6311}"
EndProject
Project("{9A19103F-16F7-4668-BE54-9A1E7A4F7556}") = "R5T.B0006.X0002", "..\..\R5T.B0006.X0002\source\R5T.B0006.X0002\R5T.B0006.X0002.csproj", "{98A9D72D-1404-41A8-81A0-77D04290A139}"
EndProject
Project("{9A19103F-16F7-4668-BE54-9A1E7A4F7556}") = "R5T.F0005", "..\..\R5T.F0005\source\R5T.F0005\R5T.F0005.csproj", "{23724ACD-5873-4093-81AB-B1040B9FDD9A}"
EndProject
Project("{9A19103F-16F7-4668-BE54-9A1E7A4F7556}") = "R5T.F0008", "..\..\R5T.F0008\source\R5T.F0008\R5T.F0008.csproj", "{54CEF2B1-B8F7-41AD-B7DF-0548B4B54FD8}"
EndProject
Project("{9A19103F-16F7-4668-BE54-9A1E7A4F7556}") = "R5T.B0006.X0005", "..\..\R5T.B0006.X0005\source\R5T.B0006.X0005\R5T.B0006.X0005.csproj", "{700EBEDA-E4DC-476E-887E-7026E3517A2E}"
EndProject
Project("{9A19103F-16F7-4668-BE54-9A1E7A4F7556}") = "R5T.Z0003", "..\..\R5T.Z0003\source\R5T.Z0003\R5T.Z0003.csproj", "{C415F16D-B95C-489E-9E3A-C16BFF88219E}"
EndProject
Project("{9A19103F-16F7-4668-BE54-9A1E7A4F7556}") = "R5T.T0131", "..\..\R5T.T0131\source\R5T.T0131\R5T.T0131.csproj", "{9A5E13E7-FBFC-44EF-BDAE-270C8C5AB7F4}"
EndProject
Project("{9A19103F-16F7-4668-BE54-9A1E7A4F7556}") = "R5T.F0010", "..\..\R5T.F0010\source\R5T.F0010\R5T.F0010.csproj", "{61BCF060-61E0-467F-8D68-525DDD1F9257}"
EndProject
Project("{9A19103F-16F7-4668-BE54-9A1E7A4F7556}") = "R5T.X0008", "..\..\R5T.X0008\source\R5T.X0008\R5T.X0008.csproj", "{B7A8E357-6214-4A80-819D-E3DD11635324}"
EndProject
Project("{9A19103F-16F7-4668-BE54-9A1E7A4F7556}") = "R5T.F0009", "..\..\R5T.F0009\source\R5T.F0009\R5T.F0009.csproj", "{6FF0E314-225F-45DB-94A7-52F97E86D3C9}"
EndProject
Project("{9A19103F-16F7-4668-BE54-9A1E7A4F7556}") = "R5T.X0010", "..\..\R5T.X0010\source\R5T.X0010\R5T.X0010.csproj", "{A87E2B2F-B4B2-49EE-BF4B-81E87B96E204}"
EndProject
Project("{9A19103F-16F7-4668-BE54-9A1E7A4F7556}") = "R5T.F0011", "..\..\R5T.F0011\source\R5T.F0011\R5T.F0011.csproj", "{233929E4-DBB2-4FE3-BE7D-E7D255CABC12}"
EndProject
Project("{9A19103F-16F7-4668-BE54-9A1E7A4F7556}") = "R5T.X0009", "..\..\R5T.X0009\source\R5T.X0009\R5T.X0009.csproj", "{7A68AC7C-FE15-4226-8D3A-1BA1BCC7E044}"
EndProject
Project("{9A19103F-16F7-4668-BE54-9A1E7A4F7556}") = "R5T.X0011", "..\..\R5T.X0011\source\R5T.X0011\R5T.X0011.csproj", "{12AAFFC1-E55B-408C-8378-7F934D0D41D0}"
EndProject
Project("{9A19103F-16F7-4668-BE54-9A1E7A4F7556}") = "R5T.B0006.X0006", "..\..\R5T.B0006.X0006\source\R5T.B0006.X0006\R5T.B0006.X0006.csproj", "{825AF788-4A6C-4350-9565-F3637BDED178}"
EndProject
Project("{9A19103F-16F7-4668-BE54-9A1E7A4F7556}") = "R5T.F0012", "..\..\R5T.F0012\source\R5T.F0012\R5T.F0012.csproj", "{D1598AC5-8CA4-4A85-89A2-AD4680745E46}"
EndProject
Project("{9A19103F-16F7-4668-BE54-9A1E7A4F7556}") = "R5T.T0135", "..\..\R5T.T0135\source\R5T.T0135\R5T.T0135.csproj", "{49291874-0A6A-4B91-A82C-4D217C2C9BD9}"
EndProject
Project("{9A19103F-16F7-4668-BE54-9A1E7A4F7556}") = "R5T.X0012", "..\..\R5T.X0012\source\R5T.X0012\R5T.X0012.csproj", "{87931C0D-D489-4067-B23C-5E96E872D4F1}"
EndProject
Project("{9A19103F-16F7-4668-BE54-9A1E7A4F7556}") = "R5T.F0013", "..\..\R5T.F0013\source\R5T.F0013\R5T.F0013.csproj", "{FCBC1670-D5B6-4C7E-AB88-5F172C5900D8}"
EndProject
Project("{9A19103F-16F7-4668-BE54-9A1E7A4F7556}") = "R5T.T0134", "..\..\R5T.T0134\source\R5T.T0134\R5T.T0134.csproj", "{E4D13FA4-1CBE-47A1-B6A5-F1E9C444F545}"
EndProject
Project("{9A19103F-16F7-4668-BE54-9A1E7A4F7556}") = "R5T.B0007.X0002", "..\..\R5T.B0007.X0002\source\R5T.B0007.X0002\R5T.B0007.X0002.csproj", "{81DDB1DB-093B-48B0-8506-5F8A56D1D077}"
EndProject
Project("{9A19103F-16F7-4668-BE54-9A1E7A4F7556}") = "R5T.B0007.X0001", "..\..\R5T.B0007.X0001\source\R5T.B0007.X0001\R5T.B0007.X0001.csproj", "{E9EACC71-643D-440F-A0F0-ACF0E2B9A393}"
EndProject
Project("{9A19103F-16F7-4668-BE54-9A1E7A4F7556}") = "R5T.Z0000", "..\..\R5T.Z0000\source\R5T.Z0000\R5T.Z0000.csproj", "{794C2AD6-8A0A-45F2-8AFB-8BBF674E2B12}"
EndProject
Project("{9A19103F-16F7-4668-BE54-9A1E7A4F7556}") = "R5T.B0007", "..\..\R5T.B0007\source\R5T.B0007\R5T.B0007.csproj", "{04E89C8A-C061-4144-8781-B816A7DE7A0A}"
EndProject
Project("{9A19103F-16F7-4668-BE54-9A1E7A4F7556}") = "R5T.B0006.X0004", "..\..\R5T.B0006.X0004\source\R5T.B0006.X0004\R5T.B0006.X0004.csproj", "{83A35638-CC31-482F-A09B-E969A945076B}"
EndProject
Project("{9A19103F-16F7-4668-BE54-9A1E7A4F7556}") = "R5T.F0007", "..\..\R5T.F0007\source\R5T.F0007\R5T.F0007.csproj", "{DDC1F442-4579-4BE8-8170-8B34E7762400}"
EndProject
Project("{9A19103F-16F7-4668-BE54-9A1E7A4F7556}") = "R5T.T0136", "..\..\R5T.T0136\source\R5T.T0136\R5T.T0136.csproj", "{1121C2EB-6647-46F1-8319-4F71778385B9}"
EndProject
Project("{9A19103F-16F7-4668-BE54-9A1E7A4F7556}") = "R5T.X0013", "..\..\R5T.X0013\source\R5T.X0013\R5T.X0013.csproj", "{1A7B1BA5-6BDF-4490-869A-B25BC6DD5573}"
EndProject
Project("{9A19103F-16F7-4668-BE54-9A1E7A4F7556}") = "R5T.B0007.X0003", "..\..\R5T.B0007.X0003\source\R5T.B0007.X0003\R5T.B0007.X0003.csproj", "{0FF4EDE0-C646-4A4D-BB06-8FDE2D1F6780}"
EndProject
Project("{9A19103F-16F7-4668-BE54-9A1E7A4F7556}") = "R5T.X0014", "..\..\R5T.X0014\source\R5T.X0014\R5T.X0014.csproj", "{6645547D-C941-4BE8-8827-38F29405295E}"
EndProject
Project("{9A19103F-16F7-4668-BE54-9A1E7A4F7556}") = "R5T.X0015", "..\..\R5T.X0015\source\R5T.X0015\R5T.X0015.csproj", "{7B41D961-4E3E-4738-BD83-3326C4B8AC13}"
EndProject
Project("{9A19103F-16F7-4668-BE54-9A1E7A4F7556}") = "R5T.X0016", "..\..\R5T.X0016\source\R5T.X0016\R5T.X0016.csproj", "{8A0B1394-DE5E-4DBC-96B2-97CE53A806EA}"
EndProject
Project("{9A19103F-16F7-4668-BE54-9A1E7A4F7556}") = "R5T.B0006.X0000", "..\..\R5T.B0006.X0000\source\R5T.B0006.X0000\R5T.B0006.X0000.csproj", "{21EE1E35-8EB1-49EA-A527-2174EE5C34CE}"
EndProject
Project("{9A19103F-16F7-4668-BE54-9A1E7A4F7556}") = "R5T.B0003.X001", "..\..\R5T.B0003\source\R5T.B0003.X001\R5T.B0003.X001.csproj", "{91A86DA2-D162-457C-AAD2-60E8B09CD442}"
EndProject
Project("{9A19103F-16F7-4668-BE54-9A1E7A4F7556}") = "R5T.B0001.X001", "..\..\R5T.B0001\source\R5T.B0001.X001\R5T.B0001.X001.csproj", "{58A833E6-E91E-4FA7-A7DE-DAC1D4CC43C7}"
EndProject
Project("{9A19103F-16F7-4668-BE54-9A1E7A4F7556}") = "R5T.S0036.F001", "R5T.S0036.F001\R5T.S0036.F001.csproj", "{A27A9D27-8EE6-4164-BAC4-8326567721CC}"
EndProject
Project("{9A19103F-16F7-4668-BE54-9A1E7A4F7556}") = "R5T.T0129", "..\..\R5T.T0129\source\R5T.T0129\R5T.T0129.csproj", "{D34587C8-0C6C-4675-9269-55B73EBEA292}"
EndProject
Project("{9A19103F-16F7-4668-BE54-9A1E7A4F7556}") = "R5T.F0021", "..\..\R5T.F0021\source\R5T.F0021\R5T.F0021.csproj", "{E0176E46-28AD-468A-9E8E-7E927C0FE19D}"
EndProject
Global
	GlobalSection(SolutionConfigurationPlatforms) = preSolution
		Debug|Any CPU = Debug|Any CPU
		Debug|x64 = Debug|x64
		Debug|x86 = Debug|x86
		Release|Any CPU = Release|Any CPU
		Release|x64 = Release|x64
		Release|x86 = Release|x86
	EndGlobalSection
	GlobalSection(ProjectConfigurationPlatforms) = postSolution
		{91E1D5F6-4491-4067-84EB-F121215526E2}.Debug|Any CPU.ActiveCfg = Debug|Any CPU
		{91E1D5F6-4491-4067-84EB-F121215526E2}.Debug|Any CPU.Build.0 = Debug|Any CPU
		{91E1D5F6-4491-4067-84EB-F121215526E2}.Debug|x64.ActiveCfg = Debug|Any CPU
		{91E1D5F6-4491-4067-84EB-F121215526E2}.Debug|x64.Build.0 = Debug|Any CPU
		{91E1D5F6-4491-4067-84EB-F121215526E2}.Debug|x86.ActiveCfg = Debug|Any CPU
		{91E1D5F6-4491-4067-84EB-F121215526E2}.Debug|x86.Build.0 = Debug|Any CPU
		{91E1D5F6-4491-4067-84EB-F121215526E2}.Release|Any CPU.ActiveCfg = Release|Any CPU
		{91E1D5F6-4491-4067-84EB-F121215526E2}.Release|Any CPU.Build.0 = Release|Any CPU
		{91E1D5F6-4491-4067-84EB-F121215526E2}.Release|x64.ActiveCfg = Release|Any CPU
		{91E1D5F6-4491-4067-84EB-F121215526E2}.Release|x64.Build.0 = Release|Any CPU
		{91E1D5F6-4491-4067-84EB-F121215526E2}.Release|x86.ActiveCfg = Release|Any CPU
		{91E1D5F6-4491-4067-84EB-F121215526E2}.Release|x86.Build.0 = Release|Any CPU
		{511FB939-2A8E-41EC-82C6-5DCED7F26BD4}.Debug|Any CPU.ActiveCfg = Debug|Any CPU
		{511FB939-2A8E-41EC-82C6-5DCED7F26BD4}.Debug|Any CPU.Build.0 = Debug|Any CPU
		{511FB939-2A8E-41EC-82C6-5DCED7F26BD4}.Debug|x64.ActiveCfg = Debug|Any CPU
		{511FB939-2A8E-41EC-82C6-5DCED7F26BD4}.Debug|x64.Build.0 = Debug|Any CPU
		{511FB939-2A8E-41EC-82C6-5DCED7F26BD4}.Debug|x86.ActiveCfg = Debug|Any CPU
		{511FB939-2A8E-41EC-82C6-5DCED7F26BD4}.Debug|x86.Build.0 = Debug|Any CPU
		{511FB939-2A8E-41EC-82C6-5DCED7F26BD4}.Release|Any CPU.ActiveCfg = Release|Any CPU
		{511FB939-2A8E-41EC-82C6-5DCED7F26BD4}.Release|Any CPU.Build.0 = Release|Any CPU
		{511FB939-2A8E-41EC-82C6-5DCED7F26BD4}.Release|x64.ActiveCfg = Release|Any CPU
		{511FB939-2A8E-41EC-82C6-5DCED7F26BD4}.Release|x64.Build.0 = Release|Any CPU
		{511FB939-2A8E-41EC-82C6-5DCED7F26BD4}.Release|x86.ActiveCfg = Release|Any CPU
		{511FB939-2A8E-41EC-82C6-5DCED7F26BD4}.Release|x86.Build.0 = Release|Any CPU
		{CD1029C9-996A-4A22-AD04-0BC7BC81CF10}.Debug|Any CPU.ActiveCfg = Debug|Any CPU
		{CD1029C9-996A-4A22-AD04-0BC7BC81CF10}.Debug|Any CPU.Build.0 = Debug|Any CPU
		{CD1029C9-996A-4A22-AD04-0BC7BC81CF10}.Debug|x64.ActiveCfg = Debug|Any CPU
		{CD1029C9-996A-4A22-AD04-0BC7BC81CF10}.Debug|x64.Build.0 = Debug|Any CPU
		{CD1029C9-996A-4A22-AD04-0BC7BC81CF10}.Debug|x86.ActiveCfg = Debug|Any CPU
		{CD1029C9-996A-4A22-AD04-0BC7BC81CF10}.Debug|x86.Build.0 = Debug|Any CPU
		{CD1029C9-996A-4A22-AD04-0BC7BC81CF10}.Release|Any CPU.ActiveCfg = Release|Any CPU
		{CD1029C9-996A-4A22-AD04-0BC7BC81CF10}.Release|Any CPU.Build.0 = Release|Any CPU
		{CD1029C9-996A-4A22-AD04-0BC7BC81CF10}.Release|x64.ActiveCfg = Release|Any CPU
		{CD1029C9-996A-4A22-AD04-0BC7BC81CF10}.Release|x64.Build.0 = Release|Any CPU
		{CD1029C9-996A-4A22-AD04-0BC7BC81CF10}.Release|x86.ActiveCfg = Release|Any CPU
		{CD1029C9-996A-4A22-AD04-0BC7BC81CF10}.Release|x86.Build.0 = Release|Any CPU
		{5AD95441-2E63-4462-B45D-F185CCFC7478}.Debug|Any CPU.ActiveCfg = Debug|Any CPU
		{5AD95441-2E63-4462-B45D-F185CCFC7478}.Debug|Any CPU.Build.0 = Debug|Any CPU
		{5AD95441-2E63-4462-B45D-F185CCFC7478}.Debug|x64.ActiveCfg = Debug|Any CPU
		{5AD95441-2E63-4462-B45D-F185CCFC7478}.Debug|x64.Build.0 = Debug|Any CPU
		{5AD95441-2E63-4462-B45D-F185CCFC7478}.Debug|x86.ActiveCfg = Debug|Any CPU
		{5AD95441-2E63-4462-B45D-F185CCFC7478}.Debug|x86.Build.0 = Debug|Any CPU
		{5AD95441-2E63-4462-B45D-F185CCFC7478}.Release|Any CPU.ActiveCfg = Release|Any CPU
		{5AD95441-2E63-4462-B45D-F185CCFC7478}.Release|Any CPU.Build.0 = Release|Any CPU
		{5AD95441-2E63-4462-B45D-F185CCFC7478}.Release|x64.ActiveCfg = Release|Any CPU
		{5AD95441-2E63-4462-B45D-F185CCFC7478}.Release|x64.Build.0 = Release|Any CPU
		{5AD95441-2E63-4462-B45D-F185CCFC7478}.Release|x86.ActiveCfg = Release|Any CPU
		{5AD95441-2E63-4462-B45D-F185CCFC7478}.Release|x86.Build.0 = Release|Any CPU
		{C9731EA6-178C-4216-8E35-D395001507ED}.Debug|Any CPU.ActiveCfg = Debug|Any CPU
		{C9731EA6-178C-4216-8E35-D395001507ED}.Debug|Any CPU.Build.0 = Debug|Any CPU
		{C9731EA6-178C-4216-8E35-D395001507ED}.Debug|x64.ActiveCfg = Debug|Any CPU
		{C9731EA6-178C-4216-8E35-D395001507ED}.Debug|x64.Build.0 = Debug|Any CPU
		{C9731EA6-178C-4216-8E35-D395001507ED}.Debug|x86.ActiveCfg = Debug|Any CPU
		{C9731EA6-178C-4216-8E35-D395001507ED}.Debug|x86.Build.0 = Debug|Any CPU
		{C9731EA6-178C-4216-8E35-D395001507ED}.Release|Any CPU.ActiveCfg = Release|Any CPU
		{C9731EA6-178C-4216-8E35-D395001507ED}.Release|Any CPU.Build.0 = Release|Any CPU
		{C9731EA6-178C-4216-8E35-D395001507ED}.Release|x64.ActiveCfg = Release|Any CPU
		{C9731EA6-178C-4216-8E35-D395001507ED}.Release|x64.Build.0 = Release|Any CPU
		{C9731EA6-178C-4216-8E35-D395001507ED}.Release|x86.ActiveCfg = Release|Any CPU
		{C9731EA6-178C-4216-8E35-D395001507ED}.Release|x86.Build.0 = Release|Any CPU
		{B38E348B-ADAE-4705-BA1D-1FDFEA36AA84}.Debug|Any CPU.ActiveCfg = Debug|Any CPU
		{B38E348B-ADAE-4705-BA1D-1FDFEA36AA84}.Debug|Any CPU.Build.0 = Debug|Any CPU
		{B38E348B-ADAE-4705-BA1D-1FDFEA36AA84}.Debug|x64.ActiveCfg = Debug|Any CPU
		{B38E348B-ADAE-4705-BA1D-1FDFEA36AA84}.Debug|x64.Build.0 = Debug|Any CPU
		{B38E348B-ADAE-4705-BA1D-1FDFEA36AA84}.Debug|x86.ActiveCfg = Debug|Any CPU
		{B38E348B-ADAE-4705-BA1D-1FDFEA36AA84}.Debug|x86.Build.0 = Debug|Any CPU
		{B38E348B-ADAE-4705-BA1D-1FDFEA36AA84}.Release|Any CPU.ActiveCfg = Release|Any CPU
		{B38E348B-ADAE-4705-BA1D-1FDFEA36AA84}.Release|Any CPU.Build.0 = Release|Any CPU
		{B38E348B-ADAE-4705-BA1D-1FDFEA36AA84}.Release|x64.ActiveCfg = Release|Any CPU
		{B38E348B-ADAE-4705-BA1D-1FDFEA36AA84}.Release|x64.Build.0 = Release|Any CPU
		{B38E348B-ADAE-4705-BA1D-1FDFEA36AA84}.Release|x86.ActiveCfg = Release|Any CPU
		{B38E348B-ADAE-4705-BA1D-1FDFEA36AA84}.Release|x86.Build.0 = Release|Any CPU
		{42BFA0EB-EFFD-449F-8872-420421409C40}.Debug|Any CPU.ActiveCfg = Debug|Any CPU
		{42BFA0EB-EFFD-449F-8872-420421409C40}.Debug|Any CPU.Build.0 = Debug|Any CPU
		{42BFA0EB-EFFD-449F-8872-420421409C40}.Debug|x64.ActiveCfg = Debug|Any CPU
		{42BFA0EB-EFFD-449F-8872-420421409C40}.Debug|x64.Build.0 = Debug|Any CPU
		{42BFA0EB-EFFD-449F-8872-420421409C40}.Debug|x86.ActiveCfg = Debug|Any CPU
		{42BFA0EB-EFFD-449F-8872-420421409C40}.Debug|x86.Build.0 = Debug|Any CPU
		{42BFA0EB-EFFD-449F-8872-420421409C40}.Release|Any CPU.ActiveCfg = Release|Any CPU
		{42BFA0EB-EFFD-449F-8872-420421409C40}.Release|Any CPU.Build.0 = Release|Any CPU
		{42BFA0EB-EFFD-449F-8872-420421409C40}.Release|x64.ActiveCfg = Release|Any CPU
		{42BFA0EB-EFFD-449F-8872-420421409C40}.Release|x64.Build.0 = Release|Any CPU
		{42BFA0EB-EFFD-449F-8872-420421409C40}.Release|x86.ActiveCfg = Release|Any CPU
		{42BFA0EB-EFFD-449F-8872-420421409C40}.Release|x86.Build.0 = Release|Any CPU
		{F0B10D5C-7A96-4336-9B35-9CEF8BBB68F5}.Debug|Any CPU.ActiveCfg = Debug|Any CPU
		{F0B10D5C-7A96-4336-9B35-9CEF8BBB68F5}.Debug|Any CPU.Build.0 = Debug|Any CPU
		{F0B10D5C-7A96-4336-9B35-9CEF8BBB68F5}.Debug|x64.ActiveCfg = Debug|Any CPU
		{F0B10D5C-7A96-4336-9B35-9CEF8BBB68F5}.Debug|x64.Build.0 = Debug|Any CPU
		{F0B10D5C-7A96-4336-9B35-9CEF8BBB68F5}.Debug|x86.ActiveCfg = Debug|Any CPU
		{F0B10D5C-7A96-4336-9B35-9CEF8BBB68F5}.Debug|x86.Build.0 = Debug|Any CPU
		{F0B10D5C-7A96-4336-9B35-9CEF8BBB68F5}.Release|Any CPU.ActiveCfg = Release|Any CPU
		{F0B10D5C-7A96-4336-9B35-9CEF8BBB68F5}.Release|Any CPU.Build.0 = Release|Any CPU
		{F0B10D5C-7A96-4336-9B35-9CEF8BBB68F5}.Release|x64.ActiveCfg = Release|Any CPU
		{F0B10D5C-7A96-4336-9B35-9CEF8BBB68F5}.Release|x64.Build.0 = Release|Any CPU
		{F0B10D5C-7A96-4336-9B35-9CEF8BBB68F5}.Release|x86.ActiveCfg = Release|Any CPU
		{F0B10D5C-7A96-4336-9B35-9CEF8BBB68F5}.Release|x86.Build.0 = Release|Any CPU
		{CE1C360B-90E5-40A2-A8F7-ED19B631A8A8}.Debug|Any CPU.ActiveCfg = Debug|Any CPU
		{CE1C360B-90E5-40A2-A8F7-ED19B631A8A8}.Debug|Any CPU.Build.0 = Debug|Any CPU
		{CE1C360B-90E5-40A2-A8F7-ED19B631A8A8}.Debug|x64.ActiveCfg = Debug|Any CPU
		{CE1C360B-90E5-40A2-A8F7-ED19B631A8A8}.Debug|x64.Build.0 = Debug|Any CPU
		{CE1C360B-90E5-40A2-A8F7-ED19B631A8A8}.Debug|x86.ActiveCfg = Debug|Any CPU
		{CE1C360B-90E5-40A2-A8F7-ED19B631A8A8}.Debug|x86.Build.0 = Debug|Any CPU
		{CE1C360B-90E5-40A2-A8F7-ED19B631A8A8}.Release|Any CPU.ActiveCfg = Release|Any CPU
		{CE1C360B-90E5-40A2-A8F7-ED19B631A8A8}.Release|Any CPU.Build.0 = Release|Any CPU
		{CE1C360B-90E5-40A2-A8F7-ED19B631A8A8}.Release|x64.ActiveCfg = Release|Any CPU
		{CE1C360B-90E5-40A2-A8F7-ED19B631A8A8}.Release|x64.Build.0 = Release|Any CPU
		{CE1C360B-90E5-40A2-A8F7-ED19B631A8A8}.Release|x86.ActiveCfg = Release|Any CPU
		{CE1C360B-90E5-40A2-A8F7-ED19B631A8A8}.Release|x86.Build.0 = Release|Any CPU
		{44127C56-874D-4D78-BD3E-ABC5C1B6ACE9}.Debug|Any CPU.ActiveCfg = Debug|Any CPU
		{44127C56-874D-4D78-BD3E-ABC5C1B6ACE9}.Debug|Any CPU.Build.0 = Debug|Any CPU
		{44127C56-874D-4D78-BD3E-ABC5C1B6ACE9}.Debug|x64.ActiveCfg = Debug|Any CPU
		{44127C56-874D-4D78-BD3E-ABC5C1B6ACE9}.Debug|x64.Build.0 = Debug|Any CPU
		{44127C56-874D-4D78-BD3E-ABC5C1B6ACE9}.Debug|x86.ActiveCfg = Debug|Any CPU
		{44127C56-874D-4D78-BD3E-ABC5C1B6ACE9}.Debug|x86.Build.0 = Debug|Any CPU
		{44127C56-874D-4D78-BD3E-ABC5C1B6ACE9}.Release|Any CPU.ActiveCfg = Release|Any CPU
		{44127C56-874D-4D78-BD3E-ABC5C1B6ACE9}.Release|Any CPU.Build.0 = Release|Any CPU
		{44127C56-874D-4D78-BD3E-ABC5C1B6ACE9}.Release|x64.ActiveCfg = Release|Any CPU
		{44127C56-874D-4D78-BD3E-ABC5C1B6ACE9}.Release|x64.Build.0 = Release|Any CPU
		{44127C56-874D-4D78-BD3E-ABC5C1B6ACE9}.Release|x86.ActiveCfg = Release|Any CPU
		{44127C56-874D-4D78-BD3E-ABC5C1B6ACE9}.Release|x86.Build.0 = Release|Any CPU
		{52DF83F8-EF14-452B-8370-13B8893C16CE}.Debug|Any CPU.ActiveCfg = Debug|Any CPU
		{52DF83F8-EF14-452B-8370-13B8893C16CE}.Debug|Any CPU.Build.0 = Debug|Any CPU
		{52DF83F8-EF14-452B-8370-13B8893C16CE}.Debug|x64.ActiveCfg = Debug|Any CPU
		{52DF83F8-EF14-452B-8370-13B8893C16CE}.Debug|x64.Build.0 = Debug|Any CPU
		{52DF83F8-EF14-452B-8370-13B8893C16CE}.Debug|x86.ActiveCfg = Debug|Any CPU
		{52DF83F8-EF14-452B-8370-13B8893C16CE}.Debug|x86.Build.0 = Debug|Any CPU
		{52DF83F8-EF14-452B-8370-13B8893C16CE}.Release|Any CPU.ActiveCfg = Release|Any CPU
		{52DF83F8-EF14-452B-8370-13B8893C16CE}.Release|Any CPU.Build.0 = Release|Any CPU
		{52DF83F8-EF14-452B-8370-13B8893C16CE}.Release|x64.ActiveCfg = Release|Any CPU
		{52DF83F8-EF14-452B-8370-13B8893C16CE}.Release|x64.Build.0 = Release|Any CPU
		{52DF83F8-EF14-452B-8370-13B8893C16CE}.Release|x86.ActiveCfg = Release|Any CPU
		{52DF83F8-EF14-452B-8370-13B8893C16CE}.Release|x86.Build.0 = Release|Any CPU
		{53B39053-AB8B-4124-B729-C0C8737AE104}.Debug|Any CPU.ActiveCfg = Debug|Any CPU
		{53B39053-AB8B-4124-B729-C0C8737AE104}.Debug|Any CPU.Build.0 = Debug|Any CPU
		{53B39053-AB8B-4124-B729-C0C8737AE104}.Debug|x64.ActiveCfg = Debug|Any CPU
		{53B39053-AB8B-4124-B729-C0C8737AE104}.Debug|x64.Build.0 = Debug|Any CPU
		{53B39053-AB8B-4124-B729-C0C8737AE104}.Debug|x86.ActiveCfg = Debug|Any CPU
		{53B39053-AB8B-4124-B729-C0C8737AE104}.Debug|x86.Build.0 = Debug|Any CPU
		{53B39053-AB8B-4124-B729-C0C8737AE104}.Release|Any CPU.ActiveCfg = Release|Any CPU
		{53B39053-AB8B-4124-B729-C0C8737AE104}.Release|Any CPU.Build.0 = Release|Any CPU
		{53B39053-AB8B-4124-B729-C0C8737AE104}.Release|x64.ActiveCfg = Release|Any CPU
		{53B39053-AB8B-4124-B729-C0C8737AE104}.Release|x64.Build.0 = Release|Any CPU
		{53B39053-AB8B-4124-B729-C0C8737AE104}.Release|x86.ActiveCfg = Release|Any CPU
		{53B39053-AB8B-4124-B729-C0C8737AE104}.Release|x86.Build.0 = Release|Any CPU
		{168A26F8-5491-4B03-BBCA-99D38DB32633}.Debug|Any CPU.ActiveCfg = Debug|Any CPU
		{168A26F8-5491-4B03-BBCA-99D38DB32633}.Debug|Any CPU.Build.0 = Debug|Any CPU
		{168A26F8-5491-4B03-BBCA-99D38DB32633}.Debug|x64.ActiveCfg = Debug|Any CPU
		{168A26F8-5491-4B03-BBCA-99D38DB32633}.Debug|x64.Build.0 = Debug|Any CPU
		{168A26F8-5491-4B03-BBCA-99D38DB32633}.Debug|x86.ActiveCfg = Debug|Any CPU
		{168A26F8-5491-4B03-BBCA-99D38DB32633}.Debug|x86.Build.0 = Debug|Any CPU
		{168A26F8-5491-4B03-BBCA-99D38DB32633}.Release|Any CPU.ActiveCfg = Release|Any CPU
		{168A26F8-5491-4B03-BBCA-99D38DB32633}.Release|Any CPU.Build.0 = Release|Any CPU
		{168A26F8-5491-4B03-BBCA-99D38DB32633}.Release|x64.ActiveCfg = Release|Any CPU
		{168A26F8-5491-4B03-BBCA-99D38DB32633}.Release|x64.Build.0 = Release|Any CPU
		{168A26F8-5491-4B03-BBCA-99D38DB32633}.Release|x86.ActiveCfg = Release|Any CPU
		{168A26F8-5491-4B03-BBCA-99D38DB32633}.Release|x86.Build.0 = Release|Any CPU
		{B90BED95-6A2A-4EA1-839E-DBEBE8AB6311}.Debug|Any CPU.ActiveCfg = Debug|Any CPU
		{B90BED95-6A2A-4EA1-839E-DBEBE8AB6311}.Debug|Any CPU.Build.0 = Debug|Any CPU
		{B90BED95-6A2A-4EA1-839E-DBEBE8AB6311}.Debug|x64.ActiveCfg = Debug|Any CPU
		{B90BED95-6A2A-4EA1-839E-DBEBE8AB6311}.Debug|x64.Build.0 = Debug|Any CPU
		{B90BED95-6A2A-4EA1-839E-DBEBE8AB6311}.Debug|x86.ActiveCfg = Debug|Any CPU
		{B90BED95-6A2A-4EA1-839E-DBEBE8AB6311}.Debug|x86.Build.0 = Debug|Any CPU
		{B90BED95-6A2A-4EA1-839E-DBEBE8AB6311}.Release|Any CPU.ActiveCfg = Release|Any CPU
		{B90BED95-6A2A-4EA1-839E-DBEBE8AB6311}.Release|Any CPU.Build.0 = Release|Any CPU
		{B90BED95-6A2A-4EA1-839E-DBEBE8AB6311}.Release|x64.ActiveCfg = Release|Any CPU
		{B90BED95-6A2A-4EA1-839E-DBEBE8AB6311}.Release|x64.Build.0 = Release|Any CPU
		{B90BED95-6A2A-4EA1-839E-DBEBE8AB6311}.Release|x86.ActiveCfg = Release|Any CPU
		{B90BED95-6A2A-4EA1-839E-DBEBE8AB6311}.Release|x86.Build.0 = Release|Any CPU
		{98A9D72D-1404-41A8-81A0-77D04290A139}.Debug|Any CPU.ActiveCfg = Debug|Any CPU
		{98A9D72D-1404-41A8-81A0-77D04290A139}.Debug|Any CPU.Build.0 = Debug|Any CPU
		{98A9D72D-1404-41A8-81A0-77D04290A139}.Debug|x64.ActiveCfg = Debug|Any CPU
		{98A9D72D-1404-41A8-81A0-77D04290A139}.Debug|x64.Build.0 = Debug|Any CPU
		{98A9D72D-1404-41A8-81A0-77D04290A139}.Debug|x86.ActiveCfg = Debug|Any CPU
		{98A9D72D-1404-41A8-81A0-77D04290A139}.Debug|x86.Build.0 = Debug|Any CPU
		{98A9D72D-1404-41A8-81A0-77D04290A139}.Release|Any CPU.ActiveCfg = Release|Any CPU
		{98A9D72D-1404-41A8-81A0-77D04290A139}.Release|Any CPU.Build.0 = Release|Any CPU
		{98A9D72D-1404-41A8-81A0-77D04290A139}.Release|x64.ActiveCfg = Release|Any CPU
		{98A9D72D-1404-41A8-81A0-77D04290A139}.Release|x64.Build.0 = Release|Any CPU
		{98A9D72D-1404-41A8-81A0-77D04290A139}.Release|x86.ActiveCfg = Release|Any CPU
		{98A9D72D-1404-41A8-81A0-77D04290A139}.Release|x86.Build.0 = Release|Any CPU
		{23724ACD-5873-4093-81AB-B1040B9FDD9A}.Debug|Any CPU.ActiveCfg = Debug|Any CPU
		{23724ACD-5873-4093-81AB-B1040B9FDD9A}.Debug|Any CPU.Build.0 = Debug|Any CPU
		{23724ACD-5873-4093-81AB-B1040B9FDD9A}.Debug|x64.ActiveCfg = Debug|Any CPU
		{23724ACD-5873-4093-81AB-B1040B9FDD9A}.Debug|x64.Build.0 = Debug|Any CPU
		{23724ACD-5873-4093-81AB-B1040B9FDD9A}.Debug|x86.ActiveCfg = Debug|Any CPU
		{23724ACD-5873-4093-81AB-B1040B9FDD9A}.Debug|x86.Build.0 = Debug|Any CPU
		{23724ACD-5873-4093-81AB-B1040B9FDD9A}.Release|Any CPU.ActiveCfg = Release|Any CPU
		{23724ACD-5873-4093-81AB-B1040B9FDD9A}.Release|Any CPU.Build.0 = Release|Any CPU
		{23724ACD-5873-4093-81AB-B1040B9FDD9A}.Release|x64.ActiveCfg = Release|Any CPU
		{23724ACD-5873-4093-81AB-B1040B9FDD9A}.Release|x64.Build.0 = Release|Any CPU
		{23724ACD-5873-4093-81AB-B1040B9FDD9A}.Release|x86.ActiveCfg = Release|Any CPU
		{23724ACD-5873-4093-81AB-B1040B9FDD9A}.Release|x86.Build.0 = Release|Any CPU
		{54CEF2B1-B8F7-41AD-B7DF-0548B4B54FD8}.Debug|Any CPU.ActiveCfg = Debug|Any CPU
		{54CEF2B1-B8F7-41AD-B7DF-0548B4B54FD8}.Debug|Any CPU.Build.0 = Debug|Any CPU
		{54CEF2B1-B8F7-41AD-B7DF-0548B4B54FD8}.Debug|x64.ActiveCfg = Debug|Any CPU
		{54CEF2B1-B8F7-41AD-B7DF-0548B4B54FD8}.Debug|x64.Build.0 = Debug|Any CPU
		{54CEF2B1-B8F7-41AD-B7DF-0548B4B54FD8}.Debug|x86.ActiveCfg = Debug|Any CPU
		{54CEF2B1-B8F7-41AD-B7DF-0548B4B54FD8}.Debug|x86.Build.0 = Debug|Any CPU
		{54CEF2B1-B8F7-41AD-B7DF-0548B4B54FD8}.Release|Any CPU.ActiveCfg = Release|Any CPU
		{54CEF2B1-B8F7-41AD-B7DF-0548B4B54FD8}.Release|Any CPU.Build.0 = Release|Any CPU
		{54CEF2B1-B8F7-41AD-B7DF-0548B4B54FD8}.Release|x64.ActiveCfg = Release|Any CPU
		{54CEF2B1-B8F7-41AD-B7DF-0548B4B54FD8}.Release|x64.Build.0 = Release|Any CPU
		{54CEF2B1-B8F7-41AD-B7DF-0548B4B54FD8}.Release|x86.ActiveCfg = Release|Any CPU
		{54CEF2B1-B8F7-41AD-B7DF-0548B4B54FD8}.Release|x86.Build.0 = Release|Any CPU
		{700EBEDA-E4DC-476E-887E-7026E3517A2E}.Debug|Any CPU.ActiveCfg = Debug|Any CPU
		{700EBEDA-E4DC-476E-887E-7026E3517A2E}.Debug|Any CPU.Build.0 = Debug|Any CPU
		{700EBEDA-E4DC-476E-887E-7026E3517A2E}.Debug|x64.ActiveCfg = Debug|Any CPU
		{700EBEDA-E4DC-476E-887E-7026E3517A2E}.Debug|x64.Build.0 = Debug|Any CPU
		{700EBEDA-E4DC-476E-887E-7026E3517A2E}.Debug|x86.ActiveCfg = Debug|Any CPU
		{700EBEDA-E4DC-476E-887E-7026E3517A2E}.Debug|x86.Build.0 = Debug|Any CPU
		{700EBEDA-E4DC-476E-887E-7026E3517A2E}.Release|Any CPU.ActiveCfg = Release|Any CPU
		{700EBEDA-E4DC-476E-887E-7026E3517A2E}.Release|Any CPU.Build.0 = Release|Any CPU
		{700EBEDA-E4DC-476E-887E-7026E3517A2E}.Release|x64.ActiveCfg = Release|Any CPU
		{700EBEDA-E4DC-476E-887E-7026E3517A2E}.Release|x64.Build.0 = Release|Any CPU
		{700EBEDA-E4DC-476E-887E-7026E3517A2E}.Release|x86.ActiveCfg = Release|Any CPU
		{700EBEDA-E4DC-476E-887E-7026E3517A2E}.Release|x86.Build.0 = Release|Any CPU
		{C415F16D-B95C-489E-9E3A-C16BFF88219E}.Debug|Any CPU.ActiveCfg = Debug|Any CPU
		{C415F16D-B95C-489E-9E3A-C16BFF88219E}.Debug|Any CPU.Build.0 = Debug|Any CPU
		{C415F16D-B95C-489E-9E3A-C16BFF88219E}.Debug|x64.ActiveCfg = Debug|Any CPU
		{C415F16D-B95C-489E-9E3A-C16BFF88219E}.Debug|x64.Build.0 = Debug|Any CPU
		{C415F16D-B95C-489E-9E3A-C16BFF88219E}.Debug|x86.ActiveCfg = Debug|Any CPU
		{C415F16D-B95C-489E-9E3A-C16BFF88219E}.Debug|x86.Build.0 = Debug|Any CPU
		{C415F16D-B95C-489E-9E3A-C16BFF88219E}.Release|Any CPU.ActiveCfg = Release|Any CPU
		{C415F16D-B95C-489E-9E3A-C16BFF88219E}.Release|Any CPU.Build.0 = Release|Any CPU
		{C415F16D-B95C-489E-9E3A-C16BFF88219E}.Release|x64.ActiveCfg = Release|Any CPU
		{C415F16D-B95C-489E-9E3A-C16BFF88219E}.Release|x64.Build.0 = Release|Any CPU
		{C415F16D-B95C-489E-9E3A-C16BFF88219E}.Release|x86.ActiveCfg = Release|Any CPU
		{C415F16D-B95C-489E-9E3A-C16BFF88219E}.Release|x86.Build.0 = Release|Any CPU
		{9A5E13E7-FBFC-44EF-BDAE-270C8C5AB7F4}.Debug|Any CPU.ActiveCfg = Debug|Any CPU
		{9A5E13E7-FBFC-44EF-BDAE-270C8C5AB7F4}.Debug|Any CPU.Build.0 = Debug|Any CPU
		{9A5E13E7-FBFC-44EF-BDAE-270C8C5AB7F4}.Debug|x64.ActiveCfg = Debug|Any CPU
		{9A5E13E7-FBFC-44EF-BDAE-270C8C5AB7F4}.Debug|x64.Build.0 = Debug|Any CPU
		{9A5E13E7-FBFC-44EF-BDAE-270C8C5AB7F4}.Debug|x86.ActiveCfg = Debug|Any CPU
		{9A5E13E7-FBFC-44EF-BDAE-270C8C5AB7F4}.Debug|x86.Build.0 = Debug|Any CPU
		{9A5E13E7-FBFC-44EF-BDAE-270C8C5AB7F4}.Release|Any CPU.ActiveCfg = Release|Any CPU
		{9A5E13E7-FBFC-44EF-BDAE-270C8C5AB7F4}.Release|Any CPU.Build.0 = Release|Any CPU
		{9A5E13E7-FBFC-44EF-BDAE-270C8C5AB7F4}.Release|x64.ActiveCfg = Release|Any CPU
		{9A5E13E7-FBFC-44EF-BDAE-270C8C5AB7F4}.Release|x64.Build.0 = Release|Any CPU
		{9A5E13E7-FBFC-44EF-BDAE-270C8C5AB7F4}.Release|x86.ActiveCfg = Release|Any CPU
		{9A5E13E7-FBFC-44EF-BDAE-270C8C5AB7F4}.Release|x86.Build.0 = Release|Any CPU
		{61BCF060-61E0-467F-8D68-525DDD1F9257}.Debug|Any CPU.ActiveCfg = Debug|Any CPU
		{61BCF060-61E0-467F-8D68-525DDD1F9257}.Debug|Any CPU.Build.0 = Debug|Any CPU
		{61BCF060-61E0-467F-8D68-525DDD1F9257}.Debug|x64.ActiveCfg = Debug|Any CPU
		{61BCF060-61E0-467F-8D68-525DDD1F9257}.Debug|x64.Build.0 = Debug|Any CPU
		{61BCF060-61E0-467F-8D68-525DDD1F9257}.Debug|x86.ActiveCfg = Debug|Any CPU
		{61BCF060-61E0-467F-8D68-525DDD1F9257}.Debug|x86.Build.0 = Debug|Any CPU
		{61BCF060-61E0-467F-8D68-525DDD1F9257}.Release|Any CPU.ActiveCfg = Release|Any CPU
		{61BCF060-61E0-467F-8D68-525DDD1F9257}.Release|Any CPU.Build.0 = Release|Any CPU
		{61BCF060-61E0-467F-8D68-525DDD1F9257}.Release|x64.ActiveCfg = Release|Any CPU
		{61BCF060-61E0-467F-8D68-525DDD1F9257}.Release|x64.Build.0 = Release|Any CPU
		{61BCF060-61E0-467F-8D68-525DDD1F9257}.Release|x86.ActiveCfg = Release|Any CPU
		{61BCF060-61E0-467F-8D68-525DDD1F9257}.Release|x86.Build.0 = Release|Any CPU
		{B7A8E357-6214-4A80-819D-E3DD11635324}.Debug|Any CPU.ActiveCfg = Debug|Any CPU
		{B7A8E357-6214-4A80-819D-E3DD11635324}.Debug|Any CPU.Build.0 = Debug|Any CPU
		{B7A8E357-6214-4A80-819D-E3DD11635324}.Debug|x64.ActiveCfg = Debug|Any CPU
		{B7A8E357-6214-4A80-819D-E3DD11635324}.Debug|x64.Build.0 = Debug|Any CPU
		{B7A8E357-6214-4A80-819D-E3DD11635324}.Debug|x86.ActiveCfg = Debug|Any CPU
		{B7A8E357-6214-4A80-819D-E3DD11635324}.Debug|x86.Build.0 = Debug|Any CPU
		{B7A8E357-6214-4A80-819D-E3DD11635324}.Release|Any CPU.ActiveCfg = Release|Any CPU
		{B7A8E357-6214-4A80-819D-E3DD11635324}.Release|Any CPU.Build.0 = Release|Any CPU
		{B7A8E357-6214-4A80-819D-E3DD11635324}.Release|x64.ActiveCfg = Release|Any CPU
		{B7A8E357-6214-4A80-819D-E3DD11635324}.Release|x64.Build.0 = Release|Any CPU
		{B7A8E357-6214-4A80-819D-E3DD11635324}.Release|x86.ActiveCfg = Release|Any CPU
		{B7A8E357-6214-4A80-819D-E3DD11635324}.Release|x86.Build.0 = Release|Any CPU
		{6FF0E314-225F-45DB-94A7-52F97E86D3C9}.Debug|Any CPU.ActiveCfg = Debug|Any CPU
		{6FF0E314-225F-45DB-94A7-52F97E86D3C9}.Debug|Any CPU.Build.0 = Debug|Any CPU
		{6FF0E314-225F-45DB-94A7-52F97E86D3C9}.Debug|x64.ActiveCfg = Debug|Any CPU
		{6FF0E314-225F-45DB-94A7-52F97E86D3C9}.Debug|x64.Build.0 = Debug|Any CPU
		{6FF0E314-225F-45DB-94A7-52F97E86D3C9}.Debug|x86.ActiveCfg = Debug|Any CPU
		{6FF0E314-225F-45DB-94A7-52F97E86D3C9}.Debug|x86.Build.0 = Debug|Any CPU
		{6FF0E314-225F-45DB-94A7-52F97E86D3C9}.Release|Any CPU.ActiveCfg = Release|Any CPU
		{6FF0E314-225F-45DB-94A7-52F97E86D3C9}.Release|Any CPU.Build.0 = Release|Any CPU
		{6FF0E314-225F-45DB-94A7-52F97E86D3C9}.Release|x64.ActiveCfg = Release|Any CPU
		{6FF0E314-225F-45DB-94A7-52F97E86D3C9}.Release|x64.Build.0 = Release|Any CPU
		{6FF0E314-225F-45DB-94A7-52F97E86D3C9}.Release|x86.ActiveCfg = Release|Any CPU
		{6FF0E314-225F-45DB-94A7-52F97E86D3C9}.Release|x86.Build.0 = Release|Any CPU
		{A87E2B2F-B4B2-49EE-BF4B-81E87B96E204}.Debug|Any CPU.ActiveCfg = Debug|Any CPU
		{A87E2B2F-B4B2-49EE-BF4B-81E87B96E204}.Debug|Any CPU.Build.0 = Debug|Any CPU
		{A87E2B2F-B4B2-49EE-BF4B-81E87B96E204}.Debug|x64.ActiveCfg = Debug|Any CPU
		{A87E2B2F-B4B2-49EE-BF4B-81E87B96E204}.Debug|x64.Build.0 = Debug|Any CPU
		{A87E2B2F-B4B2-49EE-BF4B-81E87B96E204}.Debug|x86.ActiveCfg = Debug|Any CPU
		{A87E2B2F-B4B2-49EE-BF4B-81E87B96E204}.Debug|x86.Build.0 = Debug|Any CPU
		{A87E2B2F-B4B2-49EE-BF4B-81E87B96E204}.Release|Any CPU.ActiveCfg = Release|Any CPU
		{A87E2B2F-B4B2-49EE-BF4B-81E87B96E204}.Release|Any CPU.Build.0 = Release|Any CPU
		{A87E2B2F-B4B2-49EE-BF4B-81E87B96E204}.Release|x64.ActiveCfg = Release|Any CPU
		{A87E2B2F-B4B2-49EE-BF4B-81E87B96E204}.Release|x64.Build.0 = Release|Any CPU
		{A87E2B2F-B4B2-49EE-BF4B-81E87B96E204}.Release|x86.ActiveCfg = Release|Any CPU
		{A87E2B2F-B4B2-49EE-BF4B-81E87B96E204}.Release|x86.Build.0 = Release|Any CPU
		{233929E4-DBB2-4FE3-BE7D-E7D255CABC12}.Debug|Any CPU.ActiveCfg = Debug|Any CPU
		{233929E4-DBB2-4FE3-BE7D-E7D255CABC12}.Debug|Any CPU.Build.0 = Debug|Any CPU
		{233929E4-DBB2-4FE3-BE7D-E7D255CABC12}.Debug|x64.ActiveCfg = Debug|Any CPU
		{233929E4-DBB2-4FE3-BE7D-E7D255CABC12}.Debug|x64.Build.0 = Debug|Any CPU
		{233929E4-DBB2-4FE3-BE7D-E7D255CABC12}.Debug|x86.ActiveCfg = Debug|Any CPU
		{233929E4-DBB2-4FE3-BE7D-E7D255CABC12}.Debug|x86.Build.0 = Debug|Any CPU
		{233929E4-DBB2-4FE3-BE7D-E7D255CABC12}.Release|Any CPU.ActiveCfg = Release|Any CPU
		{233929E4-DBB2-4FE3-BE7D-E7D255CABC12}.Release|Any CPU.Build.0 = Release|Any CPU
		{233929E4-DBB2-4FE3-BE7D-E7D255CABC12}.Release|x64.ActiveCfg = Release|Any CPU
		{233929E4-DBB2-4FE3-BE7D-E7D255CABC12}.Release|x64.Build.0 = Release|Any CPU
		{233929E4-DBB2-4FE3-BE7D-E7D255CABC12}.Release|x86.ActiveCfg = Release|Any CPU
		{233929E4-DBB2-4FE3-BE7D-E7D255CABC12}.Release|x86.Build.0 = Release|Any CPU
		{7A68AC7C-FE15-4226-8D3A-1BA1BCC7E044}.Debug|Any CPU.ActiveCfg = Debug|Any CPU
		{7A68AC7C-FE15-4226-8D3A-1BA1BCC7E044}.Debug|Any CPU.Build.0 = Debug|Any CPU
		{7A68AC7C-FE15-4226-8D3A-1BA1BCC7E044}.Debug|x64.ActiveCfg = Debug|Any CPU
		{7A68AC7C-FE15-4226-8D3A-1BA1BCC7E044}.Debug|x64.Build.0 = Debug|Any CPU
		{7A68AC7C-FE15-4226-8D3A-1BA1BCC7E044}.Debug|x86.ActiveCfg = Debug|Any CPU
		{7A68AC7C-FE15-4226-8D3A-1BA1BCC7E044}.Debug|x86.Build.0 = Debug|Any CPU
		{7A68AC7C-FE15-4226-8D3A-1BA1BCC7E044}.Release|Any CPU.ActiveCfg = Release|Any CPU
		{7A68AC7C-FE15-4226-8D3A-1BA1BCC7E044}.Release|Any CPU.Build.0 = Release|Any CPU
		{7A68AC7C-FE15-4226-8D3A-1BA1BCC7E044}.Release|x64.ActiveCfg = Release|Any CPU
		{7A68AC7C-FE15-4226-8D3A-1BA1BCC7E044}.Release|x64.Build.0 = Release|Any CPU
		{7A68AC7C-FE15-4226-8D3A-1BA1BCC7E044}.Release|x86.ActiveCfg = Release|Any CPU
		{7A68AC7C-FE15-4226-8D3A-1BA1BCC7E044}.Release|x86.Build.0 = Release|Any CPU
		{12AAFFC1-E55B-408C-8378-7F934D0D41D0}.Debug|Any CPU.ActiveCfg = Debug|Any CPU
		{12AAFFC1-E55B-408C-8378-7F934D0D41D0}.Debug|Any CPU.Build.0 = Debug|Any CPU
		{12AAFFC1-E55B-408C-8378-7F934D0D41D0}.Debug|x64.ActiveCfg = Debug|Any CPU
		{12AAFFC1-E55B-408C-8378-7F934D0D41D0}.Debug|x64.Build.0 = Debug|Any CPU
		{12AAFFC1-E55B-408C-8378-7F934D0D41D0}.Debug|x86.ActiveCfg = Debug|Any CPU
		{12AAFFC1-E55B-408C-8378-7F934D0D41D0}.Debug|x86.Build.0 = Debug|Any CPU
		{12AAFFC1-E55B-408C-8378-7F934D0D41D0}.Release|Any CPU.ActiveCfg = Release|Any CPU
		{12AAFFC1-E55B-408C-8378-7F934D0D41D0}.Release|Any CPU.Build.0 = Release|Any CPU
		{12AAFFC1-E55B-408C-8378-7F934D0D41D0}.Release|x64.ActiveCfg = Release|Any CPU
		{12AAFFC1-E55B-408C-8378-7F934D0D41D0}.Release|x64.Build.0 = Release|Any CPU
		{12AAFFC1-E55B-408C-8378-7F934D0D41D0}.Release|x86.ActiveCfg = Release|Any CPU
		{12AAFFC1-E55B-408C-8378-7F934D0D41D0}.Release|x86.Build.0 = Release|Any CPU
		{825AF788-4A6C-4350-9565-F3637BDED178}.Debug|Any CPU.ActiveCfg = Debug|Any CPU
		{825AF788-4A6C-4350-9565-F3637BDED178}.Debug|Any CPU.Build.0 = Debug|Any CPU
		{825AF788-4A6C-4350-9565-F3637BDED178}.Debug|x64.ActiveCfg = Debug|Any CPU
		{825AF788-4A6C-4350-9565-F3637BDED178}.Debug|x64.Build.0 = Debug|Any CPU
		{825AF788-4A6C-4350-9565-F3637BDED178}.Debug|x86.ActiveCfg = Debug|Any CPU
		{825AF788-4A6C-4350-9565-F3637BDED178}.Debug|x86.Build.0 = Debug|Any CPU
		{825AF788-4A6C-4350-9565-F3637BDED178}.Release|Any CPU.ActiveCfg = Release|Any CPU
		{825AF788-4A6C-4350-9565-F3637BDED178}.Release|Any CPU.Build.0 = Release|Any CPU
		{825AF788-4A6C-4350-9565-F3637BDED178}.Release|x64.ActiveCfg = Release|Any CPU
		{825AF788-4A6C-4350-9565-F3637BDED178}.Release|x64.Build.0 = Release|Any CPU
		{825AF788-4A6C-4350-9565-F3637BDED178}.Release|x86.ActiveCfg = Release|Any CPU
		{825AF788-4A6C-4350-9565-F3637BDED178}.Release|x86.Build.0 = Release|Any CPU
		{D1598AC5-8CA4-4A85-89A2-AD4680745E46}.Debug|Any CPU.ActiveCfg = Debug|Any CPU
		{D1598AC5-8CA4-4A85-89A2-AD4680745E46}.Debug|Any CPU.Build.0 = Debug|Any CPU
		{D1598AC5-8CA4-4A85-89A2-AD4680745E46}.Debug|x64.ActiveCfg = Debug|Any CPU
		{D1598AC5-8CA4-4A85-89A2-AD4680745E46}.Debug|x64.Build.0 = Debug|Any CPU
		{D1598AC5-8CA4-4A85-89A2-AD4680745E46}.Debug|x86.ActiveCfg = Debug|Any CPU
		{D1598AC5-8CA4-4A85-89A2-AD4680745E46}.Debug|x86.Build.0 = Debug|Any CPU
		{D1598AC5-8CA4-4A85-89A2-AD4680745E46}.Release|Any CPU.ActiveCfg = Release|Any CPU
		{D1598AC5-8CA4-4A85-89A2-AD4680745E46}.Release|Any CPU.Build.0 = Release|Any CPU
		{D1598AC5-8CA4-4A85-89A2-AD4680745E46}.Release|x64.ActiveCfg = Release|Any CPU
		{D1598AC5-8CA4-4A85-89A2-AD4680745E46}.Release|x64.Build.0 = Release|Any CPU
		{D1598AC5-8CA4-4A85-89A2-AD4680745E46}.Release|x86.ActiveCfg = Release|Any CPU
		{D1598AC5-8CA4-4A85-89A2-AD4680745E46}.Release|x86.Build.0 = Release|Any CPU
		{49291874-0A6A-4B91-A82C-4D217C2C9BD9}.Debug|Any CPU.ActiveCfg = Debug|Any CPU
		{49291874-0A6A-4B91-A82C-4D217C2C9BD9}.Debug|Any CPU.Build.0 = Debug|Any CPU
		{49291874-0A6A-4B91-A82C-4D217C2C9BD9}.Debug|x64.ActiveCfg = Debug|Any CPU
		{49291874-0A6A-4B91-A82C-4D217C2C9BD9}.Debug|x64.Build.0 = Debug|Any CPU
		{49291874-0A6A-4B91-A82C-4D217C2C9BD9}.Debug|x86.ActiveCfg = Debug|Any CPU
		{49291874-0A6A-4B91-A82C-4D217C2C9BD9}.Debug|x86.Build.0 = Debug|Any CPU
		{49291874-0A6A-4B91-A82C-4D217C2C9BD9}.Release|Any CPU.ActiveCfg = Release|Any CPU
		{49291874-0A6A-4B91-A82C-4D217C2C9BD9}.Release|Any CPU.Build.0 = Release|Any CPU
		{49291874-0A6A-4B91-A82C-4D217C2C9BD9}.Release|x64.ActiveCfg = Release|Any CPU
		{49291874-0A6A-4B91-A82C-4D217C2C9BD9}.Release|x64.Build.0 = Release|Any CPU
		{49291874-0A6A-4B91-A82C-4D217C2C9BD9}.Release|x86.ActiveCfg = Release|Any CPU
		{49291874-0A6A-4B91-A82C-4D217C2C9BD9}.Release|x86.Build.0 = Release|Any CPU
		{87931C0D-D489-4067-B23C-5E96E872D4F1}.Debug|Any CPU.ActiveCfg = Debug|Any CPU
		{87931C0D-D489-4067-B23C-5E96E872D4F1}.Debug|Any CPU.Build.0 = Debug|Any CPU
		{87931C0D-D489-4067-B23C-5E96E872D4F1}.Debug|x64.ActiveCfg = Debug|Any CPU
		{87931C0D-D489-4067-B23C-5E96E872D4F1}.Debug|x64.Build.0 = Debug|Any CPU
		{87931C0D-D489-4067-B23C-5E96E872D4F1}.Debug|x86.ActiveCfg = Debug|Any CPU
		{87931C0D-D489-4067-B23C-5E96E872D4F1}.Debug|x86.Build.0 = Debug|Any CPU
		{87931C0D-D489-4067-B23C-5E96E872D4F1}.Release|Any CPU.ActiveCfg = Release|Any CPU
		{87931C0D-D489-4067-B23C-5E96E872D4F1}.Release|Any CPU.Build.0 = Release|Any CPU
		{87931C0D-D489-4067-B23C-5E96E872D4F1}.Release|x64.ActiveCfg = Release|Any CPU
		{87931C0D-D489-4067-B23C-5E96E872D4F1}.Release|x64.Build.0 = Release|Any CPU
		{87931C0D-D489-4067-B23C-5E96E872D4F1}.Release|x86.ActiveCfg = Release|Any CPU
		{87931C0D-D489-4067-B23C-5E96E872D4F1}.Release|x86.Build.0 = Release|Any CPU
		{FCBC1670-D5B6-4C7E-AB88-5F172C5900D8}.Debug|Any CPU.ActiveCfg = Debug|Any CPU
		{FCBC1670-D5B6-4C7E-AB88-5F172C5900D8}.Debug|Any CPU.Build.0 = Debug|Any CPU
		{FCBC1670-D5B6-4C7E-AB88-5F172C5900D8}.Debug|x64.ActiveCfg = Debug|Any CPU
		{FCBC1670-D5B6-4C7E-AB88-5F172C5900D8}.Debug|x64.Build.0 = Debug|Any CPU
		{FCBC1670-D5B6-4C7E-AB88-5F172C5900D8}.Debug|x86.ActiveCfg = Debug|Any CPU
		{FCBC1670-D5B6-4C7E-AB88-5F172C5900D8}.Debug|x86.Build.0 = Debug|Any CPU
		{FCBC1670-D5B6-4C7E-AB88-5F172C5900D8}.Release|Any CPU.ActiveCfg = Release|Any CPU
		{FCBC1670-D5B6-4C7E-AB88-5F172C5900D8}.Release|Any CPU.Build.0 = Release|Any CPU
		{FCBC1670-D5B6-4C7E-AB88-5F172C5900D8}.Release|x64.ActiveCfg = Release|Any CPU
		{FCBC1670-D5B6-4C7E-AB88-5F172C5900D8}.Release|x64.Build.0 = Release|Any CPU
		{FCBC1670-D5B6-4C7E-AB88-5F172C5900D8}.Release|x86.ActiveCfg = Release|Any CPU
		{FCBC1670-D5B6-4C7E-AB88-5F172C5900D8}.Release|x86.Build.0 = Release|Any CPU
		{E4D13FA4-1CBE-47A1-B6A5-F1E9C444F545}.Debug|Any CPU.ActiveCfg = Debug|Any CPU
		{E4D13FA4-1CBE-47A1-B6A5-F1E9C444F545}.Debug|Any CPU.Build.0 = Debug|Any CPU
		{E4D13FA4-1CBE-47A1-B6A5-F1E9C444F545}.Debug|x64.ActiveCfg = Debug|Any CPU
		{E4D13FA4-1CBE-47A1-B6A5-F1E9C444F545}.Debug|x64.Build.0 = Debug|Any CPU
		{E4D13FA4-1CBE-47A1-B6A5-F1E9C444F545}.Debug|x86.ActiveCfg = Debug|Any CPU
		{E4D13FA4-1CBE-47A1-B6A5-F1E9C444F545}.Debug|x86.Build.0 = Debug|Any CPU
		{E4D13FA4-1CBE-47A1-B6A5-F1E9C444F545}.Release|Any CPU.ActiveCfg = Release|Any CPU
		{E4D13FA4-1CBE-47A1-B6A5-F1E9C444F545}.Release|Any CPU.Build.0 = Release|Any CPU
		{E4D13FA4-1CBE-47A1-B6A5-F1E9C444F545}.Release|x64.ActiveCfg = Release|Any CPU
		{E4D13FA4-1CBE-47A1-B6A5-F1E9C444F545}.Release|x64.Build.0 = Release|Any CPU
		{E4D13FA4-1CBE-47A1-B6A5-F1E9C444F545}.Release|x86.ActiveCfg = Release|Any CPU
		{E4D13FA4-1CBE-47A1-B6A5-F1E9C444F545}.Release|x86.Build.0 = Release|Any CPU
		{81DDB1DB-093B-48B0-8506-5F8A56D1D077}.Debug|Any CPU.ActiveCfg = Debug|Any CPU
		{81DDB1DB-093B-48B0-8506-5F8A56D1D077}.Debug|Any CPU.Build.0 = Debug|Any CPU
		{81DDB1DB-093B-48B0-8506-5F8A56D1D077}.Debug|x64.ActiveCfg = Debug|Any CPU
		{81DDB1DB-093B-48B0-8506-5F8A56D1D077}.Debug|x64.Build.0 = Debug|Any CPU
		{81DDB1DB-093B-48B0-8506-5F8A56D1D077}.Debug|x86.ActiveCfg = Debug|Any CPU
		{81DDB1DB-093B-48B0-8506-5F8A56D1D077}.Debug|x86.Build.0 = Debug|Any CPU
		{81DDB1DB-093B-48B0-8506-5F8A56D1D077}.Release|Any CPU.ActiveCfg = Release|Any CPU
		{81DDB1DB-093B-48B0-8506-5F8A56D1D077}.Release|Any CPU.Build.0 = Release|Any CPU
		{81DDB1DB-093B-48B0-8506-5F8A56D1D077}.Release|x64.ActiveCfg = Release|Any CPU
		{81DDB1DB-093B-48B0-8506-5F8A56D1D077}.Release|x64.Build.0 = Release|Any CPU
		{81DDB1DB-093B-48B0-8506-5F8A56D1D077}.Release|x86.ActiveCfg = Release|Any CPU
		{81DDB1DB-093B-48B0-8506-5F8A56D1D077}.Release|x86.Build.0 = Release|Any CPU
		{E9EACC71-643D-440F-A0F0-ACF0E2B9A393}.Debug|Any CPU.ActiveCfg = Debug|Any CPU
		{E9EACC71-643D-440F-A0F0-ACF0E2B9A393}.Debug|Any CPU.Build.0 = Debug|Any CPU
		{E9EACC71-643D-440F-A0F0-ACF0E2B9A393}.Debug|x64.ActiveCfg = Debug|Any CPU
		{E9EACC71-643D-440F-A0F0-ACF0E2B9A393}.Debug|x64.Build.0 = Debug|Any CPU
		{E9EACC71-643D-440F-A0F0-ACF0E2B9A393}.Debug|x86.ActiveCfg = Debug|Any CPU
		{E9EACC71-643D-440F-A0F0-ACF0E2B9A393}.Debug|x86.Build.0 = Debug|Any CPU
		{E9EACC71-643D-440F-A0F0-ACF0E2B9A393}.Release|Any CPU.ActiveCfg = Release|Any CPU
		{E9EACC71-643D-440F-A0F0-ACF0E2B9A393}.Release|Any CPU.Build.0 = Release|Any CPU
		{E9EACC71-643D-440F-A0F0-ACF0E2B9A393}.Release|x64.ActiveCfg = Release|Any CPU
		{E9EACC71-643D-440F-A0F0-ACF0E2B9A393}.Release|x64.Build.0 = Release|Any CPU
		{E9EACC71-643D-440F-A0F0-ACF0E2B9A393}.Release|x86.ActiveCfg = Release|Any CPU
		{E9EACC71-643D-440F-A0F0-ACF0E2B9A393}.Release|x86.Build.0 = Release|Any CPU
		{794C2AD6-8A0A-45F2-8AFB-8BBF674E2B12}.Debug|Any CPU.ActiveCfg = Debug|Any CPU
		{794C2AD6-8A0A-45F2-8AFB-8BBF674E2B12}.Debug|Any CPU.Build.0 = Debug|Any CPU
		{794C2AD6-8A0A-45F2-8AFB-8BBF674E2B12}.Debug|x64.ActiveCfg = Debug|Any CPU
		{794C2AD6-8A0A-45F2-8AFB-8BBF674E2B12}.Debug|x64.Build.0 = Debug|Any CPU
		{794C2AD6-8A0A-45F2-8AFB-8BBF674E2B12}.Debug|x86.ActiveCfg = Debug|Any CPU
		{794C2AD6-8A0A-45F2-8AFB-8BBF674E2B12}.Debug|x86.Build.0 = Debug|Any CPU
		{794C2AD6-8A0A-45F2-8AFB-8BBF674E2B12}.Release|Any CPU.ActiveCfg = Release|Any CPU
		{794C2AD6-8A0A-45F2-8AFB-8BBF674E2B12}.Release|Any CPU.Build.0 = Release|Any CPU
		{794C2AD6-8A0A-45F2-8AFB-8BBF674E2B12}.Release|x64.ActiveCfg = Release|Any CPU
		{794C2AD6-8A0A-45F2-8AFB-8BBF674E2B12}.Release|x64.Build.0 = Release|Any CPU
		{794C2AD6-8A0A-45F2-8AFB-8BBF674E2B12}.Release|x86.ActiveCfg = Release|Any CPU
		{794C2AD6-8A0A-45F2-8AFB-8BBF674E2B12}.Release|x86.Build.0 = Release|Any CPU
		{04E89C8A-C061-4144-8781-B816A7DE7A0A}.Debug|Any CPU.ActiveCfg = Debug|Any CPU
		{04E89C8A-C061-4144-8781-B816A7DE7A0A}.Debug|Any CPU.Build.0 = Debug|Any CPU
		{04E89C8A-C061-4144-8781-B816A7DE7A0A}.Debug|x64.ActiveCfg = Debug|Any CPU
		{04E89C8A-C061-4144-8781-B816A7DE7A0A}.Debug|x64.Build.0 = Debug|Any CPU
		{04E89C8A-C061-4144-8781-B816A7DE7A0A}.Debug|x86.ActiveCfg = Debug|Any CPU
		{04E89C8A-C061-4144-8781-B816A7DE7A0A}.Debug|x86.Build.0 = Debug|Any CPU
		{04E89C8A-C061-4144-8781-B816A7DE7A0A}.Release|Any CPU.ActiveCfg = Release|Any CPU
		{04E89C8A-C061-4144-8781-B816A7DE7A0A}.Release|Any CPU.Build.0 = Release|Any CPU
		{04E89C8A-C061-4144-8781-B816A7DE7A0A}.Release|x64.ActiveCfg = Release|Any CPU
		{04E89C8A-C061-4144-8781-B816A7DE7A0A}.Release|x64.Build.0 = Release|Any CPU
		{04E89C8A-C061-4144-8781-B816A7DE7A0A}.Release|x86.ActiveCfg = Release|Any CPU
		{04E89C8A-C061-4144-8781-B816A7DE7A0A}.Release|x86.Build.0 = Release|Any CPU
		{83A35638-CC31-482F-A09B-E969A945076B}.Debug|Any CPU.ActiveCfg = Debug|Any CPU
		{83A35638-CC31-482F-A09B-E969A945076B}.Debug|Any CPU.Build.0 = Debug|Any CPU
		{83A35638-CC31-482F-A09B-E969A945076B}.Debug|x64.ActiveCfg = Debug|Any CPU
		{83A35638-CC31-482F-A09B-E969A945076B}.Debug|x64.Build.0 = Debug|Any CPU
		{83A35638-CC31-482F-A09B-E969A945076B}.Debug|x86.ActiveCfg = Debug|Any CPU
		{83A35638-CC31-482F-A09B-E969A945076B}.Debug|x86.Build.0 = Debug|Any CPU
		{83A35638-CC31-482F-A09B-E969A945076B}.Release|Any CPU.ActiveCfg = Release|Any CPU
		{83A35638-CC31-482F-A09B-E969A945076B}.Release|Any CPU.Build.0 = Release|Any CPU
		{83A35638-CC31-482F-A09B-E969A945076B}.Release|x64.ActiveCfg = Release|Any CPU
		{83A35638-CC31-482F-A09B-E969A945076B}.Release|x64.Build.0 = Release|Any CPU
		{83A35638-CC31-482F-A09B-E969A945076B}.Release|x86.ActiveCfg = Release|Any CPU
		{83A35638-CC31-482F-A09B-E969A945076B}.Release|x86.Build.0 = Release|Any CPU
		{DDC1F442-4579-4BE8-8170-8B34E7762400}.Debug|Any CPU.ActiveCfg = Debug|Any CPU
		{DDC1F442-4579-4BE8-8170-8B34E7762400}.Debug|Any CPU.Build.0 = Debug|Any CPU
		{DDC1F442-4579-4BE8-8170-8B34E7762400}.Debug|x64.ActiveCfg = Debug|Any CPU
		{DDC1F442-4579-4BE8-8170-8B34E7762400}.Debug|x64.Build.0 = Debug|Any CPU
		{DDC1F442-4579-4BE8-8170-8B34E7762400}.Debug|x86.ActiveCfg = Debug|Any CPU
		{DDC1F442-4579-4BE8-8170-8B34E7762400}.Debug|x86.Build.0 = Debug|Any CPU
		{DDC1F442-4579-4BE8-8170-8B34E7762400}.Release|Any CPU.ActiveCfg = Release|Any CPU
		{DDC1F442-4579-4BE8-8170-8B34E7762400}.Release|Any CPU.Build.0 = Release|Any CPU
		{DDC1F442-4579-4BE8-8170-8B34E7762400}.Release|x64.ActiveCfg = Release|Any CPU
		{DDC1F442-4579-4BE8-8170-8B34E7762400}.Release|x64.Build.0 = Release|Any CPU
		{DDC1F442-4579-4BE8-8170-8B34E7762400}.Release|x86.ActiveCfg = Release|Any CPU
		{DDC1F442-4579-4BE8-8170-8B34E7762400}.Release|x86.Build.0 = Release|Any CPU
		{1121C2EB-6647-46F1-8319-4F71778385B9}.Debug|Any CPU.ActiveCfg = Debug|Any CPU
		{1121C2EB-6647-46F1-8319-4F71778385B9}.Debug|Any CPU.Build.0 = Debug|Any CPU
		{1121C2EB-6647-46F1-8319-4F71778385B9}.Debug|x64.ActiveCfg = Debug|Any CPU
		{1121C2EB-6647-46F1-8319-4F71778385B9}.Debug|x64.Build.0 = Debug|Any CPU
		{1121C2EB-6647-46F1-8319-4F71778385B9}.Debug|x86.ActiveCfg = Debug|Any CPU
		{1121C2EB-6647-46F1-8319-4F71778385B9}.Debug|x86.Build.0 = Debug|Any CPU
		{1121C2EB-6647-46F1-8319-4F71778385B9}.Release|Any CPU.ActiveCfg = Release|Any CPU
		{1121C2EB-6647-46F1-8319-4F71778385B9}.Release|Any CPU.Build.0 = Release|Any CPU
		{1121C2EB-6647-46F1-8319-4F71778385B9}.Release|x64.ActiveCfg = Release|Any CPU
		{1121C2EB-6647-46F1-8319-4F71778385B9}.Release|x64.Build.0 = Release|Any CPU
		{1121C2EB-6647-46F1-8319-4F71778385B9}.Release|x86.ActiveCfg = Release|Any CPU
		{1121C2EB-6647-46F1-8319-4F71778385B9}.Release|x86.Build.0 = Release|Any CPU
		{1A7B1BA5-6BDF-4490-869A-B25BC6DD5573}.Debug|Any CPU.ActiveCfg = Debug|Any CPU
		{1A7B1BA5-6BDF-4490-869A-B25BC6DD5573}.Debug|Any CPU.Build.0 = Debug|Any CPU
		{1A7B1BA5-6BDF-4490-869A-B25BC6DD5573}.Debug|x64.ActiveCfg = Debug|Any CPU
		{1A7B1BA5-6BDF-4490-869A-B25BC6DD5573}.Debug|x64.Build.0 = Debug|Any CPU
		{1A7B1BA5-6BDF-4490-869A-B25BC6DD5573}.Debug|x86.ActiveCfg = Debug|Any CPU
		{1A7B1BA5-6BDF-4490-869A-B25BC6DD5573}.Debug|x86.Build.0 = Debug|Any CPU
		{1A7B1BA5-6BDF-4490-869A-B25BC6DD5573}.Release|Any CPU.ActiveCfg = Release|Any CPU
		{1A7B1BA5-6BDF-4490-869A-B25BC6DD5573}.Release|Any CPU.Build.0 = Release|Any CPU
		{1A7B1BA5-6BDF-4490-869A-B25BC6DD5573}.Release|x64.ActiveCfg = Release|Any CPU
		{1A7B1BA5-6BDF-4490-869A-B25BC6DD5573}.Release|x64.Build.0 = Release|Any CPU
		{1A7B1BA5-6BDF-4490-869A-B25BC6DD5573}.Release|x86.ActiveCfg = Release|Any CPU
		{1A7B1BA5-6BDF-4490-869A-B25BC6DD5573}.Release|x86.Build.0 = Release|Any CPU
		{0FF4EDE0-C646-4A4D-BB06-8FDE2D1F6780}.Debug|Any CPU.ActiveCfg = Debug|Any CPU
		{0FF4EDE0-C646-4A4D-BB06-8FDE2D1F6780}.Debug|Any CPU.Build.0 = Debug|Any CPU
		{0FF4EDE0-C646-4A4D-BB06-8FDE2D1F6780}.Debug|x64.ActiveCfg = Debug|Any CPU
		{0FF4EDE0-C646-4A4D-BB06-8FDE2D1F6780}.Debug|x64.Build.0 = Debug|Any CPU
		{0FF4EDE0-C646-4A4D-BB06-8FDE2D1F6780}.Debug|x86.ActiveCfg = Debug|Any CPU
		{0FF4EDE0-C646-4A4D-BB06-8FDE2D1F6780}.Debug|x86.Build.0 = Debug|Any CPU
		{0FF4EDE0-C646-4A4D-BB06-8FDE2D1F6780}.Release|Any CPU.ActiveCfg = Release|Any CPU
		{0FF4EDE0-C646-4A4D-BB06-8FDE2D1F6780}.Release|Any CPU.Build.0 = Release|Any CPU
		{0FF4EDE0-C646-4A4D-BB06-8FDE2D1F6780}.Release|x64.ActiveCfg = Release|Any CPU
		{0FF4EDE0-C646-4A4D-BB06-8FDE2D1F6780}.Release|x64.Build.0 = Release|Any CPU
		{0FF4EDE0-C646-4A4D-BB06-8FDE2D1F6780}.Release|x86.ActiveCfg = Release|Any CPU
		{0FF4EDE0-C646-4A4D-BB06-8FDE2D1F6780}.Release|x86.Build.0 = Release|Any CPU
		{6645547D-C941-4BE8-8827-38F29405295E}.Debug|Any CPU.ActiveCfg = Debug|Any CPU
		{6645547D-C941-4BE8-8827-38F29405295E}.Debug|Any CPU.Build.0 = Debug|Any CPU
		{6645547D-C941-4BE8-8827-38F29405295E}.Debug|x64.ActiveCfg = Debug|Any CPU
		{6645547D-C941-4BE8-8827-38F29405295E}.Debug|x64.Build.0 = Debug|Any CPU
		{6645547D-C941-4BE8-8827-38F29405295E}.Debug|x86.ActiveCfg = Debug|Any CPU
		{6645547D-C941-4BE8-8827-38F29405295E}.Debug|x86.Build.0 = Debug|Any CPU
		{6645547D-C941-4BE8-8827-38F29405295E}.Release|Any CPU.ActiveCfg = Release|Any CPU
		{6645547D-C941-4BE8-8827-38F29405295E}.Release|Any CPU.Build.0 = Release|Any CPU
		{6645547D-C941-4BE8-8827-38F29405295E}.Release|x64.ActiveCfg = Release|Any CPU
		{6645547D-C941-4BE8-8827-38F29405295E}.Release|x64.Build.0 = Release|Any CPU
		{6645547D-C941-4BE8-8827-38F29405295E}.Release|x86.ActiveCfg = Release|Any CPU
		{6645547D-C941-4BE8-8827-38F29405295E}.Release|x86.Build.0 = Release|Any CPU
		{7B41D961-4E3E-4738-BD83-3326C4B8AC13}.Debug|Any CPU.ActiveCfg = Debug|Any CPU
		{7B41D961-4E3E-4738-BD83-3326C4B8AC13}.Debug|Any CPU.Build.0 = Debug|Any CPU
		{7B41D961-4E3E-4738-BD83-3326C4B8AC13}.Debug|x64.ActiveCfg = Debug|Any CPU
		{7B41D961-4E3E-4738-BD83-3326C4B8AC13}.Debug|x64.Build.0 = Debug|Any CPU
		{7B41D961-4E3E-4738-BD83-3326C4B8AC13}.Debug|x86.ActiveCfg = Debug|Any CPU
		{7B41D961-4E3E-4738-BD83-3326C4B8AC13}.Debug|x86.Build.0 = Debug|Any CPU
		{7B41D961-4E3E-4738-BD83-3326C4B8AC13}.Release|Any CPU.ActiveCfg = Release|Any CPU
		{7B41D961-4E3E-4738-BD83-3326C4B8AC13}.Release|Any CPU.Build.0 = Release|Any CPU
		{7B41D961-4E3E-4738-BD83-3326C4B8AC13}.Release|x64.ActiveCfg = Release|Any CPU
		{7B41D961-4E3E-4738-BD83-3326C4B8AC13}.Release|x64.Build.0 = Release|Any CPU
		{7B41D961-4E3E-4738-BD83-3326C4B8AC13}.Release|x86.ActiveCfg = Release|Any CPU
		{7B41D961-4E3E-4738-BD83-3326C4B8AC13}.Release|x86.Build.0 = Release|Any CPU
		{8A0B1394-DE5E-4DBC-96B2-97CE53A806EA}.Debug|Any CPU.ActiveCfg = Debug|Any CPU
		{8A0B1394-DE5E-4DBC-96B2-97CE53A806EA}.Debug|Any CPU.Build.0 = Debug|Any CPU
		{8A0B1394-DE5E-4DBC-96B2-97CE53A806EA}.Debug|x64.ActiveCfg = Debug|Any CPU
		{8A0B1394-DE5E-4DBC-96B2-97CE53A806EA}.Debug|x64.Build.0 = Debug|Any CPU
		{8A0B1394-DE5E-4DBC-96B2-97CE53A806EA}.Debug|x86.ActiveCfg = Debug|Any CPU
		{8A0B1394-DE5E-4DBC-96B2-97CE53A806EA}.Debug|x86.Build.0 = Debug|Any CPU
		{8A0B1394-DE5E-4DBC-96B2-97CE53A806EA}.Release|Any CPU.ActiveCfg = Release|Any CPU
		{8A0B1394-DE5E-4DBC-96B2-97CE53A806EA}.Release|Any CPU.Build.0 = Release|Any CPU
		{8A0B1394-DE5E-4DBC-96B2-97CE53A806EA}.Release|x64.ActiveCfg = Release|Any CPU
		{8A0B1394-DE5E-4DBC-96B2-97CE53A806EA}.Release|x64.Build.0 = Release|Any CPU
		{8A0B1394-DE5E-4DBC-96B2-97CE53A806EA}.Release|x86.ActiveCfg = Release|Any CPU
		{8A0B1394-DE5E-4DBC-96B2-97CE53A806EA}.Release|x86.Build.0 = Release|Any CPU
		{21EE1E35-8EB1-49EA-A527-2174EE5C34CE}.Debug|Any CPU.ActiveCfg = Debug|Any CPU
		{21EE1E35-8EB1-49EA-A527-2174EE5C34CE}.Debug|Any CPU.Build.0 = Debug|Any CPU
		{21EE1E35-8EB1-49EA-A527-2174EE5C34CE}.Debug|x64.ActiveCfg = Debug|Any CPU
		{21EE1E35-8EB1-49EA-A527-2174EE5C34CE}.Debug|x64.Build.0 = Debug|Any CPU
		{21EE1E35-8EB1-49EA-A527-2174EE5C34CE}.Debug|x86.ActiveCfg = Debug|Any CPU
		{21EE1E35-8EB1-49EA-A527-2174EE5C34CE}.Debug|x86.Build.0 = Debug|Any CPU
		{21EE1E35-8EB1-49EA-A527-2174EE5C34CE}.Release|Any CPU.ActiveCfg = Release|Any CPU
		{21EE1E35-8EB1-49EA-A527-2174EE5C34CE}.Release|Any CPU.Build.0 = Release|Any CPU
		{21EE1E35-8EB1-49EA-A527-2174EE5C34CE}.Release|x64.ActiveCfg = Release|Any CPU
		{21EE1E35-8EB1-49EA-A527-2174EE5C34CE}.Release|x64.Build.0 = Release|Any CPU
		{21EE1E35-8EB1-49EA-A527-2174EE5C34CE}.Release|x86.ActiveCfg = Release|Any CPU
		{21EE1E35-8EB1-49EA-A527-2174EE5C34CE}.Release|x86.Build.0 = Release|Any CPU
		{91A86DA2-D162-457C-AAD2-60E8B09CD442}.Debug|Any CPU.ActiveCfg = Debug|Any CPU
		{91A86DA2-D162-457C-AAD2-60E8B09CD442}.Debug|Any CPU.Build.0 = Debug|Any CPU
		{91A86DA2-D162-457C-AAD2-60E8B09CD442}.Debug|x64.ActiveCfg = Debug|Any CPU
		{91A86DA2-D162-457C-AAD2-60E8B09CD442}.Debug|x64.Build.0 = Debug|Any CPU
		{91A86DA2-D162-457C-AAD2-60E8B09CD442}.Debug|x86.ActiveCfg = Debug|Any CPU
		{91A86DA2-D162-457C-AAD2-60E8B09CD442}.Debug|x86.Build.0 = Debug|Any CPU
		{91A86DA2-D162-457C-AAD2-60E8B09CD442}.Release|Any CPU.ActiveCfg = Release|Any CPU
		{91A86DA2-D162-457C-AAD2-60E8B09CD442}.Release|Any CPU.Build.0 = Release|Any CPU
		{91A86DA2-D162-457C-AAD2-60E8B09CD442}.Release|x64.ActiveCfg = Release|Any CPU
		{91A86DA2-D162-457C-AAD2-60E8B09CD442}.Release|x64.Build.0 = Release|Any CPU
		{91A86DA2-D162-457C-AAD2-60E8B09CD442}.Release|x86.ActiveCfg = Release|Any CPU
		{91A86DA2-D162-457C-AAD2-60E8B09CD442}.Release|x86.Build.0 = Release|Any CPU
		{58A833E6-E91E-4FA7-A7DE-DAC1D4CC43C7}.Debug|Any CPU.ActiveCfg = Debug|Any CPU
		{58A833E6-E91E-4FA7-A7DE-DAC1D4CC43C7}.Debug|Any CPU.Build.0 = Debug|Any CPU
		{58A833E6-E91E-4FA7-A7DE-DAC1D4CC43C7}.Debug|x64.ActiveCfg = Debug|Any CPU
		{58A833E6-E91E-4FA7-A7DE-DAC1D4CC43C7}.Debug|x64.Build.0 = Debug|Any CPU
		{58A833E6-E91E-4FA7-A7DE-DAC1D4CC43C7}.Debug|x86.ActiveCfg = Debug|Any CPU
		{58A833E6-E91E-4FA7-A7DE-DAC1D4CC43C7}.Debug|x86.Build.0 = Debug|Any CPU
		{58A833E6-E91E-4FA7-A7DE-DAC1D4CC43C7}.Release|Any CPU.ActiveCfg = Release|Any CPU
		{58A833E6-E91E-4FA7-A7DE-DAC1D4CC43C7}.Release|Any CPU.Build.0 = Release|Any CPU
		{58A833E6-E91E-4FA7-A7DE-DAC1D4CC43C7}.Release|x64.ActiveCfg = Release|Any CPU
		{58A833E6-E91E-4FA7-A7DE-DAC1D4CC43C7}.Release|x64.Build.0 = Release|Any CPU
		{58A833E6-E91E-4FA7-A7DE-DAC1D4CC43C7}.Release|x86.ActiveCfg = Release|Any CPU
		{58A833E6-E91E-4FA7-A7DE-DAC1D4CC43C7}.Release|x86.Build.0 = Release|Any CPU
		{A27A9D27-8EE6-4164-BAC4-8326567721CC}.Debug|Any CPU.ActiveCfg = Debug|Any CPU
		{A27A9D27-8EE6-4164-BAC4-8326567721CC}.Debug|Any CPU.Build.0 = Debug|Any CPU
		{A27A9D27-8EE6-4164-BAC4-8326567721CC}.Debug|x64.ActiveCfg = Debug|Any CPU
		{A27A9D27-8EE6-4164-BAC4-8326567721CC}.Debug|x64.Build.0 = Debug|Any CPU
		{A27A9D27-8EE6-4164-BAC4-8326567721CC}.Debug|x86.ActiveCfg = Debug|Any CPU
		{A27A9D27-8EE6-4164-BAC4-8326567721CC}.Debug|x86.Build.0 = Debug|Any CPU
		{A27A9D27-8EE6-4164-BAC4-8326567721CC}.Release|Any CPU.ActiveCfg = Release|Any CPU
		{A27A9D27-8EE6-4164-BAC4-8326567721CC}.Release|Any CPU.Build.0 = Release|Any CPU
		{A27A9D27-8EE6-4164-BAC4-8326567721CC}.Release|x64.ActiveCfg = Release|Any CPU
		{A27A9D27-8EE6-4164-BAC4-8326567721CC}.Release|x64.Build.0 = Release|Any CPU
		{A27A9D27-8EE6-4164-BAC4-8326567721CC}.Release|x86.ActiveCfg = Release|Any CPU
		{A27A9D27-8EE6-4164-BAC4-8326567721CC}.Release|x86.Build.0 = Release|Any CPU
		{D34587C8-0C6C-4675-9269-55B73EBEA292}.Debug|Any CPU.ActiveCfg = Debug|Any CPU
		{D34587C8-0C6C-4675-9269-55B73EBEA292}.Debug|Any CPU.Build.0 = Debug|Any CPU
		{D34587C8-0C6C-4675-9269-55B73EBEA292}.Debug|x64.ActiveCfg = Debug|Any CPU
		{D34587C8-0C6C-4675-9269-55B73EBEA292}.Debug|x64.Build.0 = Debug|Any CPU
		{D34587C8-0C6C-4675-9269-55B73EBEA292}.Debug|x86.ActiveCfg = Debug|Any CPU
		{D34587C8-0C6C-4675-9269-55B73EBEA292}.Debug|x86.Build.0 = Debug|Any CPU
		{D34587C8-0C6C-4675-9269-55B73EBEA292}.Release|Any CPU.ActiveCfg = Release|Any CPU
		{D34587C8-0C6C-4675-9269-55B73EBEA292}.Release|Any CPU.Build.0 = Release|Any CPU
		{D34587C8-0C6C-4675-9269-55B73EBEA292}.Release|x64.ActiveCfg = Release|Any CPU
		{D34587C8-0C6C-4675-9269-55B73EBEA292}.Release|x64.Build.0 = Release|Any CPU
		{D34587C8-0C6C-4675-9269-55B73EBEA292}.Release|x86.ActiveCfg = Release|Any CPU
		{D34587C8-0C6C-4675-9269-55B73EBEA292}.Release|x86.Build.0 = Release|Any CPU
		{E0176E46-28AD-468A-9E8E-7E927C0FE19D}.Debug|Any CPU.ActiveCfg = Debug|Any CPU
		{E0176E46-28AD-468A-9E8E-7E927C0FE19D}.Debug|Any CPU.Build.0 = Debug|Any CPU
		{E0176E46-28AD-468A-9E8E-7E927C0FE19D}.Debug|x64.ActiveCfg = Debug|Any CPU
		{E0176E46-28AD-468A-9E8E-7E927C0FE19D}.Debug|x64.Build.0 = Debug|Any CPU
		{E0176E46-28AD-468A-9E8E-7E927C0FE19D}.Debug|x86.ActiveCfg = Debug|Any CPU
		{E0176E46-28AD-468A-9E8E-7E927C0FE19D}.Debug|x86.Build.0 = Debug|Any CPU
		{E0176E46-28AD-468A-9E8E-7E927C0FE19D}.Release|Any CPU.ActiveCfg = Release|Any CPU
		{E0176E46-28AD-468A-9E8E-7E927C0FE19D}.Release|Any CPU.Build.0 = Release|Any CPU
		{E0176E46-28AD-468A-9E8E-7E927C0FE19D}.Release|x64.ActiveCfg = Release|Any CPU
		{E0176E46-28AD-468A-9E8E-7E927C0FE19D}.Release|x64.Build.0 = Release|Any CPU
		{E0176E46-28AD-468A-9E8E-7E927C0FE19D}.Release|x86.ActiveCfg = Release|Any CPU
		{E0176E46-28AD-468A-9E8E-7E927C0FE19D}.Release|x86.Build.0 = Release|Any CPU
	EndGlobalSection
	GlobalSection(SolutionProperties) = preSolution
		HideSolutionNode = FALSE
	EndGlobalSection
	GlobalSection(NestedProjects) = preSolution
		{CD1029C9-996A-4A22-AD04-0BC7BC81CF10} = {311F889B-4328-4BC5-ABD9-D6CBFAD44D58}
		{5AD95441-2E63-4462-B45D-F185CCFC7478} = {311F889B-4328-4BC5-ABD9-D6CBFAD44D58}
		{C9731EA6-178C-4216-8E35-D395001507ED} = {311F889B-4328-4BC5-ABD9-D6CBFAD44D58}
		{B38E348B-ADAE-4705-BA1D-1FDFEA36AA84} = {311F889B-4328-4BC5-ABD9-D6CBFAD44D58}
		{42BFA0EB-EFFD-449F-8872-420421409C40} = {311F889B-4328-4BC5-ABD9-D6CBFAD44D58}
		{F0B10D5C-7A96-4336-9B35-9CEF8BBB68F5} = {311F889B-4328-4BC5-ABD9-D6CBFAD44D58}
		{CE1C360B-90E5-40A2-A8F7-ED19B631A8A8} = {311F889B-4328-4BC5-ABD9-D6CBFAD44D58}
		{44127C56-874D-4D78-BD3E-ABC5C1B6ACE9} = {311F889B-4328-4BC5-ABD9-D6CBFAD44D58}
		{52DF83F8-EF14-452B-8370-13B8893C16CE} = {311F889B-4328-4BC5-ABD9-D6CBFAD44D58}
		{53B39053-AB8B-4124-B729-C0C8737AE104} = {311F889B-4328-4BC5-ABD9-D6CBFAD44D58}
		{168A26F8-5491-4B03-BBCA-99D38DB32633} = {311F889B-4328-4BC5-ABD9-D6CBFAD44D58}
		{B90BED95-6A2A-4EA1-839E-DBEBE8AB6311} = {311F889B-4328-4BC5-ABD9-D6CBFAD44D58}
		{98A9D72D-1404-41A8-81A0-77D04290A139} = {311F889B-4328-4BC5-ABD9-D6CBFAD44D58}
		{23724ACD-5873-4093-81AB-B1040B9FDD9A} = {311F889B-4328-4BC5-ABD9-D6CBFAD44D58}
		{54CEF2B1-B8F7-41AD-B7DF-0548B4B54FD8} = {311F889B-4328-4BC5-ABD9-D6CBFAD44D58}
		{700EBEDA-E4DC-476E-887E-7026E3517A2E} = {311F889B-4328-4BC5-ABD9-D6CBFAD44D58}
		{C415F16D-B95C-489E-9E3A-C16BFF88219E} = {311F889B-4328-4BC5-ABD9-D6CBFAD44D58}
		{9A5E13E7-FBFC-44EF-BDAE-270C8C5AB7F4} = {311F889B-4328-4BC5-ABD9-D6CBFAD44D58}
		{61BCF060-61E0-467F-8D68-525DDD1F9257} = {311F889B-4328-4BC5-ABD9-D6CBFAD44D58}
		{B7A8E357-6214-4A80-819D-E3DD11635324} = {311F889B-4328-4BC5-ABD9-D6CBFAD44D58}
		{6FF0E314-225F-45DB-94A7-52F97E86D3C9} = {311F889B-4328-4BC5-ABD9-D6CBFAD44D58}
		{A87E2B2F-B4B2-49EE-BF4B-81E87B96E204} = {311F889B-4328-4BC5-ABD9-D6CBFAD44D58}
		{233929E4-DBB2-4FE3-BE7D-E7D255CABC12} = {311F889B-4328-4BC5-ABD9-D6CBFAD44D58}
		{7A68AC7C-FE15-4226-8D3A-1BA1BCC7E044} = {311F889B-4328-4BC5-ABD9-D6CBFAD44D58}
		{12AAFFC1-E55B-408C-8378-7F934D0D41D0} = {311F889B-4328-4BC5-ABD9-D6CBFAD44D58}
		{825AF788-4A6C-4350-9565-F3637BDED178} = {311F889B-4328-4BC5-ABD9-D6CBFAD44D58}
		{D1598AC5-8CA4-4A85-89A2-AD4680745E46} = {311F889B-4328-4BC5-ABD9-D6CBFAD44D58}
		{49291874-0A6A-4B91-A82C-4D217C2C9BD9} = {311F889B-4328-4BC5-ABD9-D6CBFAD44D58}
		{87931C0D-D489-4067-B23C-5E96E872D4F1} = {311F889B-4328-4BC5-ABD9-D6CBFAD44D58}
		{FCBC1670-D5B6-4C7E-AB88-5F172C5900D8} = {311F889B-4328-4BC5-ABD9-D6CBFAD44D58}
		{E4D13FA4-1CBE-47A1-B6A5-F1E9C444F545} = {311F889B-4328-4BC5-ABD9-D6CBFAD44D58}
		{81DDB1DB-093B-48B0-8506-5F8A56D1D077} = {311F889B-4328-4BC5-ABD9-D6CBFAD44D58}
		{E9EACC71-643D-440F-A0F0-ACF0E2B9A393} = {311F889B-4328-4BC5-ABD9-D6CBFAD44D58}
		{794C2AD6-8A0A-45F2-8AFB-8BBF674E2B12} = {311F889B-4328-4BC5-ABD9-D6CBFAD44D58}
		{04E89C8A-C061-4144-8781-B816A7DE7A0A} = {311F889B-4328-4BC5-ABD9-D6CBFAD44D58}
		{83A35638-CC31-482F-A09B-E969A945076B} = {311F889B-4328-4BC5-ABD9-D6CBFAD44D58}
		{DDC1F442-4579-4BE8-8170-8B34E7762400} = {311F889B-4328-4BC5-ABD9-D6CBFAD44D58}
		{1121C2EB-6647-46F1-8319-4F71778385B9} = {311F889B-4328-4BC5-ABD9-D6CBFAD44D58}
		{1A7B1BA5-6BDF-4490-869A-B25BC6DD5573} = {311F889B-4328-4BC5-ABD9-D6CBFAD44D58}
		{0FF4EDE0-C646-4A4D-BB06-8FDE2D1F6780} = {311F889B-4328-4BC5-ABD9-D6CBFAD44D58}
		{6645547D-C941-4BE8-8827-38F29405295E} = {311F889B-4328-4BC5-ABD9-D6CBFAD44D58}
		{7B41D961-4E3E-4738-BD83-3326C4B8AC13} = {311F889B-4328-4BC5-ABD9-D6CBFAD44D58}
		{8A0B1394-DE5E-4DBC-96B2-97CE53A806EA} = {311F889B-4328-4BC5-ABD9-D6CBFAD44D58}
		{21EE1E35-8EB1-49EA-A527-2174EE5C34CE} = {311F889B-4328-4BC5-ABD9-D6CBFAD44D58}
		{91A86DA2-D162-457C-AAD2-60E8B09CD442} = {311F889B-4328-4BC5-ABD9-D6CBFAD44D58}
		{58A833E6-E91E-4FA7-A7DE-DAC1D4CC43C7} = {311F889B-4328-4BC5-ABD9-D6CBFAD44D58}
		{D34587C8-0C6C-4675-9269-55B73EBEA292} = {311F889B-4328-4BC5-ABD9-D6CBFAD44D58}
		{E0176E46-28AD-468A-9E8E-7E927C0FE19D} = {311F889B-4328-4BC5-ABD9-D6CBFAD44D58}
	EndGlobalSection
	GlobalSection(ExtensibilityGlobals) = postSolution
		SolutionGuid = {D82A4FBD-1B98-45E4-A9F5-65E5AF4F1F19}
	EndGlobalSection
EndGlobal
