
Microsoft Visual Studio Solution File, Format Version 12.00
# Visual Studio Version 16
VisualStudioVersion = 16.0.30114.105
MinimumVisualStudioVersion = 10.0.40219.1
Project("{FAE04EC0-301F-11D3-BF4B-00C04F79EFBC}") = "R5T.S0036", "R5T.S0036\R5T.S0036.csproj", "{91E1D5F6-4491-4067-84EB-F121215526E2}"
EndProject
Project("{2150E333-8FDC-42A3-9474-1A3956D46DE8}") = "_Dependencies", "_Dependencies", "{311F889B-4328-4BC5-ABD9-D6CBFAD44D58}"
EndProject
Project("{FAE04EC0-301F-11D3-BF4B-00C04F79EFBC}") = "R5T.Plymouth.ProgramAsAService", "..\..\R5T.Plymouth\source\R5T.Plymouth.ProgramAsAService\R5T.Plymouth.ProgramAsAService.csproj", "{7F6273B5-BBCC-4698-A871-C4A4D3A916C4}"
EndProject
Project("{FAE04EC0-301F-11D3-BF4B-00C04F79EFBC}") = "R5T.T0027.T009", "..\..\R5T.T0027\source\R5T.T0027.T009\R5T.T0027.T009.csproj", "{CEA3CEA8-CCED-4499-A104-4FAE225F2D4A}"
EndProject
Project("{FAE04EC0-301F-11D3-BF4B-00C04F79EFBC}") = "R5T.S0036.Lib", "R5T.S0036.Lib\R5T.S0036.Lib.csproj", "{511FB939-2A8E-41EC-82C6-5DCED7F26BD4}"
EndProject
Project("{FAE04EC0-301F-11D3-BF4B-00C04F79EFBC}") = "R5T.Magyar", "..\..\R5T.Magyar\source\R5T.Magyar\R5T.Magyar.csproj", "{CD1029C9-996A-4A22-AD04-0BC7BC81CF10}"
EndProject
Project("{FAE04EC0-301F-11D3-BF4B-00C04F79EFBC}") = "R5T.T0039.T002", "..\..\R5T.T0039\source\R5T.T0039.T002\R5T.T0039.T002.csproj", "{AB3704A5-63C2-43A0-81D4-0998CE73FF78}"
EndProject
Global
	GlobalSection(SolutionConfigurationPlatforms) = preSolution
		Debug|Any CPU = Debug|Any CPU
		Debug|x64 = Debug|x64
		Debug|x86 = Debug|x86
		Release|Any CPU = Release|Any CPU
		Release|x64 = Release|x64
		Release|x86 = Release|x86
	EndGlobalSection
	GlobalSection(SolutionProperties) = preSolution
		HideSolutionNode = FALSE
	EndGlobalSection
	GlobalSection(ProjectConfigurationPlatforms) = postSolution
		{91E1D5F6-4491-4067-84EB-F121215526E2}.Debug|Any CPU.ActiveCfg = Debug|Any CPU
		{91E1D5F6-4491-4067-84EB-F121215526E2}.Debug|Any CPU.Build.0 = Debug|Any CPU
		{91E1D5F6-4491-4067-84EB-F121215526E2}.Debug|x64.ActiveCfg = Debug|Any CPU
		{91E1D5F6-4491-4067-84EB-F121215526E2}.Debug|x64.Build.0 = Debug|Any CPU
		{91E1D5F6-4491-4067-84EB-F121215526E2}.Debug|x86.ActiveCfg = Debug|Any CPU
		{91E1D5F6-4491-4067-84EB-F121215526E2}.Debug|x86.Build.0 = Debug|Any CPU
		{91E1D5F6-4491-4067-84EB-F121215526E2}.Release|Any CPU.ActiveCfg = Release|Any CPU
		{91E1D5F6-4491-4067-84EB-F121215526E2}.Release|Any CPU.Build.0 = Release|Any CPU
		{91E1D5F6-4491-4067-84EB-F121215526E2}.Release|x64.ActiveCfg = Release|Any CPU
		{91E1D5F6-4491-4067-84EB-F121215526E2}.Release|x64.Build.0 = Release|Any CPU
		{91E1D5F6-4491-4067-84EB-F121215526E2}.Release|x86.ActiveCfg = Release|Any CPU
		{91E1D5F6-4491-4067-84EB-F121215526E2}.Release|x86.Build.0 = Release|Any CPU
		{7F6273B5-BBCC-4698-A871-C4A4D3A916C4}.Debug|Any CPU.ActiveCfg = Debug|Any CPU
		{7F6273B5-BBCC-4698-A871-C4A4D3A916C4}.Debug|Any CPU.Build.0 = Debug|Any CPU
		{7F6273B5-BBCC-4698-A871-C4A4D3A916C4}.Debug|x64.ActiveCfg = Debug|Any CPU
		{7F6273B5-BBCC-4698-A871-C4A4D3A916C4}.Debug|x64.Build.0 = Debug|Any CPU
		{7F6273B5-BBCC-4698-A871-C4A4D3A916C4}.Debug|x86.ActiveCfg = Debug|Any CPU
		{7F6273B5-BBCC-4698-A871-C4A4D3A916C4}.Debug|x86.Build.0 = Debug|Any CPU
		{7F6273B5-BBCC-4698-A871-C4A4D3A916C4}.Release|Any CPU.ActiveCfg = Release|Any CPU
		{7F6273B5-BBCC-4698-A871-C4A4D3A916C4}.Release|Any CPU.Build.0 = Release|Any CPU
		{7F6273B5-BBCC-4698-A871-C4A4D3A916C4}.Release|x64.ActiveCfg = Release|Any CPU
		{7F6273B5-BBCC-4698-A871-C4A4D3A916C4}.Release|x64.Build.0 = Release|Any CPU
		{7F6273B5-BBCC-4698-A871-C4A4D3A916C4}.Release|x86.ActiveCfg = Release|Any CPU
		{7F6273B5-BBCC-4698-A871-C4A4D3A916C4}.Release|x86.Build.0 = Release|Any CPU
		{CEA3CEA8-CCED-4499-A104-4FAE225F2D4A}.Debug|Any CPU.ActiveCfg = Debug|Any CPU
		{CEA3CEA8-CCED-4499-A104-4FAE225F2D4A}.Debug|Any CPU.Build.0 = Debug|Any CPU
		{CEA3CEA8-CCED-4499-A104-4FAE225F2D4A}.Debug|x64.ActiveCfg = Debug|Any CPU
		{CEA3CEA8-CCED-4499-A104-4FAE225F2D4A}.Debug|x64.Build.0 = Debug|Any CPU
		{CEA3CEA8-CCED-4499-A104-4FAE225F2D4A}.Debug|x86.ActiveCfg = Debug|Any CPU
		{CEA3CEA8-CCED-4499-A104-4FAE225F2D4A}.Debug|x86.Build.0 = Debug|Any CPU
		{CEA3CEA8-CCED-4499-A104-4FAE225F2D4A}.Release|Any CPU.ActiveCfg = Release|Any CPU
		{CEA3CEA8-CCED-4499-A104-4FAE225F2D4A}.Release|Any CPU.Build.0 = Release|Any CPU
		{CEA3CEA8-CCED-4499-A104-4FAE225F2D4A}.Release|x64.ActiveCfg = Release|Any CPU
		{CEA3CEA8-CCED-4499-A104-4FAE225F2D4A}.Release|x64.Build.0 = Release|Any CPU
		{CEA3CEA8-CCED-4499-A104-4FAE225F2D4A}.Release|x86.ActiveCfg = Release|Any CPU
		{CEA3CEA8-CCED-4499-A104-4FAE225F2D4A}.Release|x86.Build.0 = Release|Any CPU
		{511FB939-2A8E-41EC-82C6-5DCED7F26BD4}.Debug|Any CPU.ActiveCfg = Debug|Any CPU
		{511FB939-2A8E-41EC-82C6-5DCED7F26BD4}.Debug|Any CPU.Build.0 = Debug|Any CPU
		{511FB939-2A8E-41EC-82C6-5DCED7F26BD4}.Debug|x64.ActiveCfg = Debug|Any CPU
		{511FB939-2A8E-41EC-82C6-5DCED7F26BD4}.Debug|x64.Build.0 = Debug|Any CPU
		{511FB939-2A8E-41EC-82C6-5DCED7F26BD4}.Debug|x86.ActiveCfg = Debug|Any CPU
		{511FB939-2A8E-41EC-82C6-5DCED7F26BD4}.Debug|x86.Build.0 = Debug|Any CPU
		{511FB939-2A8E-41EC-82C6-5DCED7F26BD4}.Release|Any CPU.ActiveCfg = Release|Any CPU
		{511FB939-2A8E-41EC-82C6-5DCED7F26BD4}.Release|Any CPU.Build.0 = Release|Any CPU
		{511FB939-2A8E-41EC-82C6-5DCED7F26BD4}.Release|x64.ActiveCfg = Release|Any CPU
		{511FB939-2A8E-41EC-82C6-5DCED7F26BD4}.Release|x64.Build.0 = Release|Any CPU
		{511FB939-2A8E-41EC-82C6-5DCED7F26BD4}.Release|x86.ActiveCfg = Release|Any CPU
		{511FB939-2A8E-41EC-82C6-5DCED7F26BD4}.Release|x86.Build.0 = Release|Any CPU
		{CD1029C9-996A-4A22-AD04-0BC7BC81CF10}.Debug|Any CPU.ActiveCfg = Debug|Any CPU
		{CD1029C9-996A-4A22-AD04-0BC7BC81CF10}.Debug|Any CPU.Build.0 = Debug|Any CPU
		{CD1029C9-996A-4A22-AD04-0BC7BC81CF10}.Debug|x64.ActiveCfg = Debug|Any CPU
		{CD1029C9-996A-4A22-AD04-0BC7BC81CF10}.Debug|x64.Build.0 = Debug|Any CPU
		{CD1029C9-996A-4A22-AD04-0BC7BC81CF10}.Debug|x86.ActiveCfg = Debug|Any CPU
		{CD1029C9-996A-4A22-AD04-0BC7BC81CF10}.Debug|x86.Build.0 = Debug|Any CPU
		{CD1029C9-996A-4A22-AD04-0BC7BC81CF10}.Release|Any CPU.ActiveCfg = Release|Any CPU
		{CD1029C9-996A-4A22-AD04-0BC7BC81CF10}.Release|Any CPU.Build.0 = Release|Any CPU
		{CD1029C9-996A-4A22-AD04-0BC7BC81CF10}.Release|x64.ActiveCfg = Release|Any CPU
		{CD1029C9-996A-4A22-AD04-0BC7BC81CF10}.Release|x64.Build.0 = Release|Any CPU
		{CD1029C9-996A-4A22-AD04-0BC7BC81CF10}.Release|x86.ActiveCfg = Release|Any CPU
		{CD1029C9-996A-4A22-AD04-0BC7BC81CF10}.Release|x86.Build.0 = Release|Any CPU
		{AB3704A5-63C2-43A0-81D4-0998CE73FF78}.Debug|Any CPU.ActiveCfg = Debug|Any CPU
		{AB3704A5-63C2-43A0-81D4-0998CE73FF78}.Debug|Any CPU.Build.0 = Debug|Any CPU
		{AB3704A5-63C2-43A0-81D4-0998CE73FF78}.Debug|x64.ActiveCfg = Debug|Any CPU
		{AB3704A5-63C2-43A0-81D4-0998CE73FF78}.Debug|x64.Build.0 = Debug|Any CPU
		{AB3704A5-63C2-43A0-81D4-0998CE73FF78}.Debug|x86.ActiveCfg = Debug|Any CPU
		{AB3704A5-63C2-43A0-81D4-0998CE73FF78}.Debug|x86.Build.0 = Debug|Any CPU
		{AB3704A5-63C2-43A0-81D4-0998CE73FF78}.Release|Any CPU.ActiveCfg = Release|Any CPU
		{AB3704A5-63C2-43A0-81D4-0998CE73FF78}.Release|Any CPU.Build.0 = Release|Any CPU
		{AB3704A5-63C2-43A0-81D4-0998CE73FF78}.Release|x64.ActiveCfg = Release|Any CPU
		{AB3704A5-63C2-43A0-81D4-0998CE73FF78}.Release|x64.Build.0 = Release|Any CPU
		{AB3704A5-63C2-43A0-81D4-0998CE73FF78}.Release|x86.ActiveCfg = Release|Any CPU
		{AB3704A5-63C2-43A0-81D4-0998CE73FF78}.Release|x86.Build.0 = Release|Any CPU
	EndGlobalSection
	GlobalSection(NestedProjects) = preSolution
		{7F6273B5-BBCC-4698-A871-C4A4D3A916C4} = {311F889B-4328-4BC5-ABD9-D6CBFAD44D58}
		{CEA3CEA8-CCED-4499-A104-4FAE225F2D4A} = {311F889B-4328-4BC5-ABD9-D6CBFAD44D58}
		{CD1029C9-996A-4A22-AD04-0BC7BC81CF10} = {311F889B-4328-4BC5-ABD9-D6CBFAD44D58}
		{AB3704A5-63C2-43A0-81D4-0998CE73FF78} = {311F889B-4328-4BC5-ABD9-D6CBFAD44D58}
	EndGlobalSection
EndGlobal
